// !$*UTF8*$!
{
	archiveVersion = 1;
	classes = {
	};
	objectVersion = 46;
	objects = {
/* Begin PBXBuildFile section */
		041526EAF9584B89985CDE81 /* gzlib.c in Sources */ = {isa = PBXBuildFile; fileRef = 67265BAA59234135A4251E69 /* gzlib.c */; };
		06B758EAF2FA4B01821141ED /* AudioToolbox.framework in Frameworks */ = {isa = PBXBuildFile; fileRef = 14BB879F8EA04ED597D24408 /* AudioToolbox.framework */; settings = {ATTRIBUTES = (Weak, ); }; };
		079693BC233547969EA67358 /* SSZipArchive.m in Sources */ = {isa = PBXBuildFile; fileRef = 281431BE341A47D2AEB1CD06 /* SSZipArchive.m */; };
		094EB965AACD4523BAE5A564 /* UNIHTTPResponse.m in Sources */ = {isa = PBXBuildFile; fileRef = 51A5FDF2FB9746999C904CB1 /* UNIHTTPResponse.m */; };
		0A3CC021A9A74C8DB0D5839F /* CDVConnection.m in Sources */ = {isa = PBXBuildFile; fileRef = 008E1EBB65724FBBBCADC1CC /* CDVConnection.m */; };
		0AE32864EC9C48258599333A /* CDVNotification.bundle in Resources */ = {isa = PBXBuildFile; fileRef = 6591B9BACDDF47AF9C6B9AEC /* CDVNotification.bundle */; };
		0B0239C0E90C4E70A7E93EB1 /* inffast.c in Sources */ = {isa = PBXBuildFile; fileRef = 2D4E58AE79E94458B9E31D55 /* inffast.c */; };
		0FA9122E1B93DF7C00061EC9 /* icon-60@2x.png in Resources */ = {isa = PBXBuildFile; fileRef = 0FA9122D1B93DF7C00061EC9 /* icon-60@2x.png */; };
		0FA9125B1B981DA500061EC9 /* Images.xcassets in Resources */ = {isa = PBXBuildFile; fileRef = 0FA9125A1B981DA500061EC9 /* Images.xcassets */; };
		0FA9126A1B981ECD00061EC9 /* icon_72.png in Resources */ = {isa = PBXBuildFile; fileRef = 0FA9125C1B981ECD00061EC9 /* icon_72.png */; };
		0FA9126B1B981ECD00061EC9 /* icon_76.png in Resources */ = {isa = PBXBuildFile; fileRef = 0FA9125D1B981ECD00061EC9 /* icon_76.png */; };
		0FA9126C1B981ECD00061EC9 /* icon_120.png in Resources */ = {isa = PBXBuildFile; fileRef = 0FA9125E1B981ECD00061EC9 /* icon_120.png */; };
		0FA9126D1B981ECD00061EC9 /* icon_152.png in Resources */ = {isa = PBXBuildFile; fileRef = 0FA9125F1B981ECD00061EC9 /* icon_152.png */; };
		0FA9126E1B981ECD00061EC9 /* icon_1024.png in Resources */ = {isa = PBXBuildFile; fileRef = 0FA912601B981ECD00061EC9 /* icon_1024.png */; };
		0FA9126F1B981ECD00061EC9 /* icon_36.png in Resources */ = {isa = PBXBuildFile; fileRef = 0FA912611B981ECD00061EC9 /* icon_36.png */; };
		0FA912701B981ECD00061EC9 /* icon_48.png in Resources */ = {isa = PBXBuildFile; fileRef = 0FA912621B981ECD00061EC9 /* icon_48.png */; };
		0FA912711B981ECD00061EC9 /* icon_57.png in Resources */ = {isa = PBXBuildFile; fileRef = 0FA912631B981ECD00061EC9 /* icon_57.png */; };
		0FA912721B981ECD00061EC9 /* icon_64.png in Resources */ = {isa = PBXBuildFile; fileRef = 0FA912641B981ECD00061EC9 /* icon_64.png */; };
		0FA912731B981ECD00061EC9 /* icon_80.png in Resources */ = {isa = PBXBuildFile; fileRef = 0FA912651B981ECD00061EC9 /* icon_80.png */; };
		0FA912741B981ECD00061EC9 /* icon_96.png in Resources */ = {isa = PBXBuildFile; fileRef = 0FA912661B981ECD00061EC9 /* icon_96.png */; };
		0FA912751B981ECD00061EC9 /* icon_114.png in Resources */ = {isa = PBXBuildFile; fileRef = 0FA912671B981ECD00061EC9 /* icon_114.png */; };
		0FA912761B981ECD00061EC9 /* icon_144.png in Resources */ = {isa = PBXBuildFile; fileRef = 0FA912681B981ECD00061EC9 /* icon_144.png */; };
		0FA912771B981ECD00061EC9 /* icon_173.png in Resources */ = {isa = PBXBuildFile; fileRef = 0FA912691B981ECD00061EC9 /* icon_173.png */; };
		0FA9127C1B981F9F00061EC9 /* icon_40.png in Resources */ = {isa = PBXBuildFile; fileRef = 0FA912781B981F9E00061EC9 /* icon_40.png */; };
		0FA9127D1B981F9F00061EC9 /* icon_50.png in Resources */ = {isa = PBXBuildFile; fileRef = 0FA912791B981F9E00061EC9 /* icon_50.png */; };
		0FA9127E1B981F9F00061EC9 /* icon_60.png in Resources */ = {isa = PBXBuildFile; fileRef = 0FA9127A1B981F9F00061EC9 /* icon_60.png */; };
		0FA9127F1B981F9F00061EC9 /* icon_100.png in Resources */ = {isa = PBXBuildFile; fileRef = 0FA9127B1B981F9F00061EC9 /* icon_100.png */; };
		0FA912871B98261200061EC9 /* Default@2x~iphone4.png in Resources */ = {isa = PBXBuildFile; fileRef = 0FA912861B98261200061EC9 /* Default@2x~iphone4.png */; };
		0FE260701BB7CB840020EA0D /* Bolts.framework in Frameworks */ = {isa = PBXBuildFile; fileRef = 0FE2606A1BB7CB840020EA0D /* Bolts.framework */; };
		0FE260711BB7CB840020EA0D /* Parse.framework in Frameworks */ = {isa = PBXBuildFile; fileRef = 0FE2606B1BB7CB840020EA0D /* Parse.framework */; };
		0FE260721BB7CB840020EA0D /* ParseCrashReporting.framework in Frameworks */ = {isa = PBXBuildFile; fileRef = 0FE2606C1BB7CB840020EA0D /* ParseCrashReporting.framework */; };
		0FE260731BB7CB840020EA0D /* ParseFacebookUtilsV4.framework in Frameworks */ = {isa = PBXBuildFile; fileRef = 0FE2606D1BB7CB840020EA0D /* ParseFacebookUtilsV4.framework */; };
		0FE260741BB7CB840020EA0D /* ParseTwitterUtils.framework in Frameworks */ = {isa = PBXBuildFile; fileRef = 0FE2606E1BB7CB840020EA0D /* ParseTwitterUtils.framework */; };
		0FE260751BB7CB840020EA0D /* ParseUI.framework in Frameworks */ = {isa = PBXBuildFile; fileRef = 0FE2606F1BB7CB840020EA0D /* ParseUI.framework */; };
		0FE260771BB7CBC40020EA0D /* UIKit.framework in Frameworks */ = {isa = PBXBuildFile; fileRef = 0FE260761BB7CBC40020EA0D /* UIKit.framework */; };
		0FE260791BB7CBD10020EA0D /* CFNetwork.framework in Frameworks */ = {isa = PBXBuildFile; fileRef = 0FE260781BB7CBD10020EA0D /* CFNetwork.framework */; };
		0FE2607B1BB7CBE50020EA0D /* QuartzCore.framework in Frameworks */ = {isa = PBXBuildFile; fileRef = 0FE2607A1BB7CBE50020EA0D /* QuartzCore.framework */; };
		0FE2607D1BB7CBEC0020EA0D /* Security.framework in Frameworks */ = {isa = PBXBuildFile; fileRef = 0FE2607C1BB7CBEC0020EA0D /* Security.framework */; };
		0FE2607F1BB7CBF80020EA0D /* StoreKit.framework in Frameworks */ = {isa = PBXBuildFile; fileRef = 0FE2607E1BB7CBF80020EA0D /* StoreKit.framework */; };
		0FE260811BB7CC060020EA0D /* libz.tbd in Frameworks */ = {isa = PBXBuildFile; fileRef = 0FE260801BB7CC060020EA0D /* libz.tbd */; };
		0FE260831BB7CC0C0020EA0D /* libsqlite3.tbd in Frameworks */ = {isa = PBXBuildFile; fileRef = 0FE260821BB7CC0C0020EA0D /* libsqlite3.tbd */; };
		0FE260851BB7CC140020EA0D /* libstdc++.6.tbd in Frameworks */ = {isa = PBXBuildFile; fileRef = 0FE260841BB7CC140020EA0D /* libstdc++.6.tbd */; };
		0FE260871BB7CC1A0020EA0D /* Accounts.framework in Frameworks */ = {isa = PBXBuildFile; fileRef = 0FE260861BB7CC1A0020EA0D /* Accounts.framework */; };
		0FE260891BB7CD1A0020EA0D /* FBSDKCoreKit.framework in Frameworks */ = {isa = PBXBuildFile; fileRef = 0FE260881BB7CD1A0020EA0D /* FBSDKCoreKit.framework */; };
		0FE2608B1BB7CD2D0020EA0D /* FBSDKLoginKit.framework in Frameworks */ = {isa = PBXBuildFile; fileRef = 0FE2608A1BB7CD2D0020EA0D /* FBSDKLoginKit.framework */; };
		107839BF921048D0B79F2F45 /* infback.c in Sources */ = {isa = PBXBuildFile; fileRef = D3CCF9909B644A618CE86858 /* infback.c */; };
		1A10A3947DA5490FAB6CB7D4 /* unzip.c in Sources */ = {isa = PBXBuildFile; fileRef = BDE8CAFDA9CC478EBDF7F9C7 /* unzip.c */; };
		1D3623260D0F684500981E51 /* AppDelegate.m in Sources */ = {isa = PBXBuildFile; fileRef = 1D3623250D0F684500981E51 /* AppDelegate.m */; };
		1D60589B0D05DD56006BFB54 /* main.m in Sources */ = {isa = PBXBuildFile; fileRef = 29B97316FDCFA39411CA2CEA /* main.m */; };
		1E155D74CD844182B77CA2C3 /* ioapi.c in Sources */ = {isa = PBXBuildFile; fileRef = F109FE12F7FE43F5989CBF10 /* ioapi.c */; };
		288765FD0DF74451002DB57D /* CoreGraphics.framework in Frameworks */ = {isa = PBXBuildFile; fileRef = 288765FC0DF74451002DB57D /* CoreGraphics.framework */; };
		2DF549D0176449748E31CF4C /* crc32.c in Sources */ = {isa = PBXBuildFile; fileRef = 2E0886BD8F8046A29BB57184 /* crc32.c */; };
		2E4623EF06D74B689BA6B429 /* CDVVibration.m in Sources */ = {isa = PBXBuildFile; fileRef = 46137AC2DDBD4A82B47E04D0 /* CDVVibration.m */; };
		2F5E806F10694C149510EA4D /* UNIHTTPJsonResponse.m in Sources */ = {isa = PBXBuildFile; fileRef = 728A000CD50747C9B265F793 /* UNIHTTPJsonResponse.m */; };
		301BF552109A68D80062928A /* libCordova.a in Frameworks */ = {isa = PBXBuildFile; fileRef = 301BF535109A57CC0062928A /* libCordova.a */; };
		302D95F114D2391D003F00A1 /* MainViewController.m in Sources */ = {isa = PBXBuildFile; fileRef = 302D95EF14D2391D003F00A1 /* MainViewController.m */; };
		302D95F214D2391D003F00A1 /* MainViewController.xib in Resources */ = {isa = PBXBuildFile; fileRef = 302D95F014D2391D003F00A1 /* MainViewController.xib */; };
		305D5FD1115AB8F900A74A75 /* MobileCoreServices.framework in Frameworks */ = {isa = PBXBuildFile; fileRef = 305D5FD0115AB8F900A74A75 /* MobileCoreServices.framework */; };
		3088BBBD154F3926009F9C59 /* Default-Landscape@2x~ipad.png in Resources */ = {isa = PBXBuildFile; fileRef = 3088BBB7154F3926009F9C59 /* Default-Landscape@2x~ipad.png */; };
		3088BBBE154F3926009F9C59 /* Default-Landscape~ipad.png in Resources */ = {isa = PBXBuildFile; fileRef = 3088BBB8154F3926009F9C59 /* Default-Landscape~ipad.png */; };
		3088BBBF154F3926009F9C59 /* Default-Portrait@2x~ipad.png in Resources */ = {isa = PBXBuildFile; fileRef = 3088BBB9154F3926009F9C59 /* Default-Portrait@2x~ipad.png */; };
		3088BBC0154F3926009F9C59 /* Default-Portrait~ipad.png in Resources */ = {isa = PBXBuildFile; fileRef = 3088BBBA154F3926009F9C59 /* Default-Portrait~ipad.png */; };
		3088BBC1154F3926009F9C59 /* Default@2x~iphone.png in Resources */ = {isa = PBXBuildFile; fileRef = 3088BBBB154F3926009F9C59 /* Default@2x~iphone.png */; };
		3088BBC2154F3926009F9C59 /* Default~iphone.png in Resources */ = {isa = PBXBuildFile; fileRef = 3088BBBC154F3926009F9C59 /* Default~iphone.png */; };
		308D05371370CCF300D202BF /* icon-72.png in Resources */ = {isa = PBXBuildFile; fileRef = 308D052E1370CCF300D202BF /* icon-72.png */; };
		308D05381370CCF300D202BF /* icon.png in Resources */ = {isa = PBXBuildFile; fileRef = 308D052F1370CCF300D202BF /* icon.png */; };
		308D05391370CCF300D202BF /* icon@2x.png in Resources */ = {isa = PBXBuildFile; fileRef = 308D05301370CCF300D202BF /* icon@2x.png */; };
		30B4F30019D5E07200D9F7D8 /* Default-667h.png in Resources */ = {isa = PBXBuildFile; fileRef = 30B4F2FD19D5E07200D9F7D8 /* Default-667h.png */; };
		30B4F30119D5E07200D9F7D8 /* Default-736h.png in Resources */ = {isa = PBXBuildFile; fileRef = 30B4F2FE19D5E07200D9F7D8 /* Default-736h.png */; };
		30B4F30219D5E07200D9F7D8 /* Default-Landscape-736h.png in Resources */ = {isa = PBXBuildFile; fileRef = 30B4F2FF19D5E07200D9F7D8 /* Default-Landscape-736h.png */; };
		30C1856619D5FC0A00212699 /* icon-60@3x.png in Resources */ = {isa = PBXBuildFile; fileRef = 30C1856519D5FC0A00212699 /* icon-60@3x.png */; };
		30FC414916E50CA1004E6F35 /* icon-72@2x.png in Resources */ = {isa = PBXBuildFile; fileRef = 30FC414816E50CA1004E6F35 /* icon-72@2x.png */; };
		392C68CBCFEF49CB8FC4F4FE /* IonicDeploy.m in Sources */ = {isa = PBXBuildFile; fileRef = 3DE49D7CE98246DDB427F820 /* IonicDeploy.m */; };
		3A5EFA37D630498197223FC8 /* libsqlite3.0.dylib in Frameworks */ = {isa = PBXBuildFile; fileRef = 9DA5937CBA5044CF8A113F41 /* libsqlite3.0.dylib */; };
		460F0EDB01AD4B998DC6E950 /* UNIJsonNode.m in Sources */ = {isa = PBXBuildFile; fileRef = 15B3F090404849ACB6ECC6B1 /* UNIJsonNode.m */; };
		4BCC706184A34984998AC532 /* UNIRest.m in Sources */ = {isa = PBXBuildFile; fileRef = AA733A21F5E54C92BB462F2B /* UNIRest.m */; };
		4D3D2DF1BE1449E8B26DB118 /* Download.m in Sources */ = {isa = PBXBuildFile; fileRef = DA3501325E87432FAEAF0049 /* Download.m */; };
		4FF527F9ACDE4288A80FA855 /* Social.framework in Frameworks */ = {isa = PBXBuildFile; fileRef = 55C3E93129BF4C2583C74D6F /* Social.framework */; settings = {ATTRIBUTES = (Weak, ); }; };
		5318C14147F44E5C8A909FC4 /* inftrees.c in Sources */ = {isa = PBXBuildFile; fileRef = DD3658855FD94E689AB82956 /* inftrees.c */; };
		56484C080F634A0C87950D96 /* UNIHTTPBinaryResponse.m in Sources */ = {isa = PBXBuildFile; fileRef = 262C61E0DA8A421B87424216 /* UNIHTTPBinaryResponse.m */; };
		56D904C8B51E496F9BB33A85 /* inflate.c in Sources */ = {isa = PBXBuildFile; fileRef = 2857CAFEA1E9497BA5FE169E /* inflate.c */; };
		570C248550AF42148B0E4BCF /* DownloadManager.m in Sources */ = {isa = PBXBuildFile; fileRef = 7E98EDE990D1480682AA3FE1 /* DownloadManager.m */; };
		5B1594DD16A7569C00FEF299 /* AssetsLibrary.framework in Frameworks */ = {isa = PBXBuildFile; fileRef = 5B1594DC16A7569C00FEF299 /* AssetsLibrary.framework */; };
		5C9BEE75764843C2BAD897A8 /* UNIBaseRequest.m in Sources */ = {isa = PBXBuildFile; fileRef = 106A1B06AEB04A7E94AC04EF /* UNIBaseRequest.m */; };
		5DADB7058B7D47A6803D3799 /* UNIUrlConnection.m in Sources */ = {isa = PBXBuildFile; fileRef = 675E40E2F3C1414DB0E73067 /* UNIUrlConnection.m */; };
		5EEF62CBD645436E8756115F /* gzclose.c in Sources */ = {isa = PBXBuildFile; fileRef = 18ADAD6B3FAA479E9BA23417 /* gzclose.c */; };
		5FB8E20B8CE24D128CE790F2 /* CoreLocation.framework in Frameworks */ = {isa = PBXBuildFile; fileRef = 5489BBE0C540424197C46CE2 /* CoreLocation.framework */; };
		6267C859394A4A21804FA9F5 /* zip.c in Sources */ = {isa = PBXBuildFile; fileRef = F273F5DC9A28452087A2D2FA /* zip.c */; };
		63D26CC955DA4A018435C005 /* gzwrite.c in Sources */ = {isa = PBXBuildFile; fileRef = 6E29BC8F9E8A4AC9BACE4832 /* gzwrite.c */; };
		651B91D846B24530BE812A8C /* CDVInAppBrowser.m in Sources */ = {isa = PBXBuildFile; fileRef = 0803281058644C75AC772289 /* CDVInAppBrowser.m */; };
		66155CEE93F148DA8AC8A47A /* CDVDevice.m in Sources */ = {isa = PBXBuildFile; fileRef = 5E1D4DA6234D47E591825923 /* CDVDevice.m */; };
		6C5267F42DFA4FBC9A19741A /* trees.c in Sources */ = {isa = PBXBuildFile; fileRef = 986E069341AA492F8C138856 /* trees.c */; };
		6F2DD7B4649646C6B1ED5660 /* zutil.c in Sources */ = {isa = PBXBuildFile; fileRef = 8F9D33C45BF249E19B069AA4 /* zutil.c */; };
		71150457A5D54E34A05C30A9 /* adler32.c in Sources */ = {isa = PBXBuildFile; fileRef = A28555369441408AAD766808 /* adler32.c */; };
		757E088D437D43BBA795F08B /* CDVSplashScreen.m in Sources */ = {isa = PBXBuildFile; fileRef = 1C0607C5504F4D29A6055D8A /* CDVSplashScreen.m */; };
		7862D815B4B245898CB1C595 /* Screenshot.m in Sources */ = {isa = PBXBuildFile; fileRef = 440824156B084A538ECA643E /* Screenshot.m */; };
		79BC1EC0226B40CFBFAA5F9D /* CDVLogger.m in Sources */ = {isa = PBXBuildFile; fileRef = 9EF2D550AA3146288D1CADFC /* CDVLogger.m */; };
		7E7966DE1810823500FA85AD /* icon-40.png in Resources */ = {isa = PBXBuildFile; fileRef = 7E7966D41810823500FA85AD /* icon-40.png */; };
		7E7966DF1810823500FA85AD /* icon-40@2x.png in Resources */ = {isa = PBXBuildFile; fileRef = 7E7966D51810823500FA85AD /* icon-40@2x.png */; };
		7E7966E01810823500FA85AD /* icon-50.png in Resources */ = {isa = PBXBuildFile; fileRef = 7E7966D61810823500FA85AD /* icon-50.png */; };
		7E7966E11810823500FA85AD /* icon-50@2x.png in Resources */ = {isa = PBXBuildFile; fileRef = 7E7966D71810823500FA85AD /* icon-50@2x.png */; };
		7E7966E21810823500FA85AD /* icon-60.png in Resources */ = {isa = PBXBuildFile; fileRef = 7E7966D81810823500FA85AD /* icon-60.png */; };
		7E7966E41810823500FA85AD /* icon-76.png in Resources */ = {isa = PBXBuildFile; fileRef = 7E7966DA1810823500FA85AD /* icon-76.png */; };
		7E7966E51810823500FA85AD /* icon-76@2x.png in Resources */ = {isa = PBXBuildFile; fileRef = 7E7966DB1810823500FA85AD /* icon-76@2x.png */; };
		7E7966E61810823500FA85AD /* icon-small.png in Resources */ = {isa = PBXBuildFile; fileRef = 7E7966DC1810823500FA85AD /* icon-small.png */; };
		7E7966E71810823500FA85AD /* icon-small@2x.png in Resources */ = {isa = PBXBuildFile; fileRef = 7E7966DD1810823500FA85AD /* icon-small@2x.png */; };
		7F5BB76F90B34EE28DFC48BD /* IonicConstant.m in Sources */ = {isa = PBXBuildFile; fileRef = 4B0187AD60074652A82403FE /* IonicConstant.m */; };
		826168182E774CC08DEB184F /* MessageUI.framework in Frameworks */ = {isa = PBXBuildFile; fileRef = ECCF31528A424D14AC340466 /* MessageUI.framework */; settings = {ATTRIBUTES = (Weak, ); }; };
		8E873965932D4FF0BB2C6BA7 /* CDVViewController+SplashScreen.m in Sources */ = {isa = PBXBuildFile; fileRef = A0A72B04DECE412D8F899B78 /* CDVViewController+SplashScreen.m */; };
		AFBB0B672FF74974BD9AAC98 /* UNIHTTPRequest.m in Sources */ = {isa = PBXBuildFile; fileRef = 3B936E0ED6C64816B3CDFCAF /* UNIHTTPRequest.m */; };
		B0FC81F3743844438D181F35 /* UNISimpleRequest.m in Sources */ = {isa = PBXBuildFile; fileRef = 37051E342853415A869757A1 /* UNISimpleRequest.m */; };
		B1E4D0D79ED9417C8DC77C72 /* UNIHTTPClientHelper.m in Sources */ = {isa = PBXBuildFile; fileRef = ADFE4EEB26BD4A95A77C77EE /* UNIHTTPClientHelper.m */; };
		BD8403E6CF4340E9A7496C34 /* UNIHTTPStringResponse.m in Sources */ = {isa = PBXBuildFile; fileRef = 8F7CB5189F0F494CABBC23A7 /* UNIHTTPStringResponse.m */; };
		C04733CC527743BCA80B52AF /* CDVNotification.m in Sources */ = {isa = PBXBuildFile; fileRef = 45CA6365B840406D8B20F52C /* CDVNotification.m */; };
		C4A719BE386E462FBC53E111 /* CDVLocation.m in Sources */ = {isa = PBXBuildFile; fileRef = DFD5B99D11A445CDB5DC2752 /* CDVLocation.m */; };
		C83E3B37C095484D8AFCB488 /* compress.c in Sources */ = {isa = PBXBuildFile; fileRef = 0AA488778001484F8F17D64B /* compress.c */; };
		CBDCDFC76AF14CF19FB40B9F /* SocialSharing.m in Sources */ = {isa = PBXBuildFile; fileRef = B639D7E60A464AB8AAECECBB /* SocialSharing.m */; };
		CC38579A1D064CBB91586F24 /* CDVReachability.m in Sources */ = {isa = PBXBuildFile; fileRef = CB095A9C93BC435E829BE488 /* CDVReachability.m */; };
		D4A0D8761607E02300AEF8BB /* Default-568h@2x~iphone.png in Resources */ = {isa = PBXBuildFile; fileRef = D4A0D8751607E02300AEF8BB /* Default-568h@2x~iphone.png */; };
		DDD1A316F7FB4738A8962887 /* CDVStatusBar.m in Sources */ = {isa = PBXBuildFile; fileRef = 743853A0EFD14A3B82B358A8 /* CDVStatusBar.m */; };
		E92ECA5D6CF3459A8AD7BB18 /* Base64.m in Sources */ = {isa = PBXBuildFile; fileRef = 2C79359168484C269988F768 /* Base64.m */; };
		EE555CA3BE7A4A6E995B063E /* UNIHTTPRequestWithBody.m in Sources */ = {isa = PBXBuildFile; fileRef = 7AA976DED7B7437EA9500C1D /* UNIHTTPRequestWithBody.m */; };
		F1C850901507499F8BD9E6CF /* uncompr.c in Sources */ = {isa = PBXBuildFile; fileRef = D455E5328AEB40DD97E1DE11 /* uncompr.c */; };
		FBE39733E84F42388DF33BB0 /* deflate.c in Sources */ = {isa = PBXBuildFile; fileRef = 8412029EDAC247CD861C2331 /* deflate.c */; };
		FFEB75F795974A0A8D514EAB /* UNIBodyRequest.m in Sources */ = {isa = PBXBuildFile; fileRef = 9AE9D1BD158F4F72BE7AD4B2 /* UNIBodyRequest.m */; };
		FFF652DDD8B948138A6B310F /* gzread.c in Sources */ = {isa = PBXBuildFile; fileRef = B8DD6AC07F1C44D589738BBD /* gzread.c */; };
		C428726C9B4C4D9A9217E481 /* SystemConfiguration.framework in Frameworks */ = {isa = PBXBuildFile; fileRef = A5CEFDC02D4C4210983BF07D /* SystemConfiguration.framework */; };
		D680674718ED42DB850823B6 /* CoreData.framework in Frameworks */ = {isa = PBXBuildFile; fileRef = 16BF4189605547E4BE83FA90 /* CoreData.framework */; };
		971AB795AD8A476791EB8049 /* libz.dylib in Frameworks */ = {isa = PBXBuildFile; fileRef = BEB0157ADC344500803D9AC5 /* libz.dylib */; };
		75BC6181B5FA49C899660DD2 /* libsqlite3.dylib in Frameworks */ = {isa = PBXBuildFile; fileRef = 451B7F2EA0024D33ACE8AF4E /* libsqlite3.dylib */; };
		C27A5936C851410C94298729 /* UniversalAnalyticsPlugin.m in Sources */ = {isa = PBXBuildFile; fileRef = E58E7F32023B496394BA8BE1 /* UniversalAnalyticsPlugin.m */; };
		B97C9720363A4F9A8FB5F84B /* libGoogleAnalyticsServices.a in Frameworks */ = {isa = PBXBuildFile; fileRef = 49C2E62FFD304E7298580408 /* libGoogleAnalyticsServices.a */; };
/* End PBXBuildFile section */

/* Begin PBXContainerItemProxy section */
		301BF534109A57CC0062928A /* PBXContainerItemProxy */ = {
			isa = PBXContainerItemProxy;
			containerPortal = 301BF52D109A57CC0062928A /* CordovaLib.xcodeproj */;
			proxyType = 2;
			remoteGlobalIDString = D2AAC07E0554694100DB518D;
			remoteInfo = CordovaLib;
		};
		301BF550109A68C00062928A /* PBXContainerItemProxy */ = {
			isa = PBXContainerItemProxy;
			containerPortal = 301BF52D109A57CC0062928A /* CordovaLib.xcodeproj */;
			proxyType = 1;
			remoteGlobalIDString = D2AAC07D0554694100DB518D;
			remoteInfo = CordovaLib;
		};
/* End PBXContainerItemProxy section */

/* Begin PBXFileReference section */
		008E1EBB65724FBBBCADC1CC /* CDVConnection.m */ = {isa = PBXFileReference; fileEncoding = 4; lastKnownFileType = sourcecode.c.objc; name = CDVConnection.m; path = "org.apache.cordova.network-information/CDVConnection.m"; sourceTree = "<group>"; };
		029C7A9913FD4ED4A49A5A27 /* crc32.h */ = {isa = PBXFileReference; fileEncoding = 4; lastKnownFileType = sourcecode.c.h; name = crc32.h; path = "ionic-plugin-deploy/crc32.h"; sourceTree = "<group>"; };
		0803281058644C75AC772289 /* CDVInAppBrowser.m */ = {isa = PBXFileReference; fileEncoding = 4; lastKnownFileType = sourcecode.c.objc; name = CDVInAppBrowser.m; path = "cordova-plugin-inappbrowser/CDVInAppBrowser.m"; sourceTree = "<group>"; };
		0AA488778001484F8F17D64B /* compress.c */ = {isa = PBXFileReference; fileEncoding = 4; lastKnownFileType = unknown; name = compress.c; path = "ionic-plugin-deploy/compress.c"; sourceTree = "<group>"; };
		0FA9122D1B93DF7C00061EC9 /* icon-60@2x.png */ = {isa = PBXFileReference; lastKnownFileType = image.png; path = "icon-60@2x.png"; sourceTree = "<group>"; };
		0FA9125A1B981DA500061EC9 /* Images.xcassets */ = {isa = PBXFileReference; lastKnownFileType = folder.assetcatalog; name = Images.xcassets; path = FoodMe/Images.xcassets; sourceTree = SOURCE_ROOT; };
		0FA9125C1B981ECD00061EC9 /* icon_72.png */ = {isa = PBXFileReference; lastKnownFileType = image.png; path = icon_72.png; sourceTree = "<group>"; };
		0FA9125D1B981ECD00061EC9 /* icon_76.png */ = {isa = PBXFileReference; lastKnownFileType = image.png; path = icon_76.png; sourceTree = "<group>"; };
		0FA9125E1B981ECD00061EC9 /* icon_120.png */ = {isa = PBXFileReference; lastKnownFileType = image.png; path = icon_120.png; sourceTree = "<group>"; };
		0FA9125F1B981ECD00061EC9 /* icon_152.png */ = {isa = PBXFileReference; lastKnownFileType = image.png; path = icon_152.png; sourceTree = "<group>"; };
		0FA912601B981ECD00061EC9 /* icon_1024.png */ = {isa = PBXFileReference; lastKnownFileType = image.png; path = icon_1024.png; sourceTree = "<group>"; };
		0FA912611B981ECD00061EC9 /* icon_36.png */ = {isa = PBXFileReference; lastKnownFileType = image.png; path = icon_36.png; sourceTree = "<group>"; };
		0FA912621B981ECD00061EC9 /* icon_48.png */ = {isa = PBXFileReference; lastKnownFileType = image.png; path = icon_48.png; sourceTree = "<group>"; };
		0FA912631B981ECD00061EC9 /* icon_57.png */ = {isa = PBXFileReference; lastKnownFileType = image.png; path = icon_57.png; sourceTree = "<group>"; };
		0FA912641B981ECD00061EC9 /* icon_64.png */ = {isa = PBXFileReference; lastKnownFileType = image.png; path = icon_64.png; sourceTree = "<group>"; };
		0FA912651B981ECD00061EC9 /* icon_80.png */ = {isa = PBXFileReference; lastKnownFileType = image.png; path = icon_80.png; sourceTree = "<group>"; };
		0FA912661B981ECD00061EC9 /* icon_96.png */ = {isa = PBXFileReference; lastKnownFileType = image.png; path = icon_96.png; sourceTree = "<group>"; };
		0FA912671B981ECD00061EC9 /* icon_114.png */ = {isa = PBXFileReference; lastKnownFileType = image.png; path = icon_114.png; sourceTree = "<group>"; };
		0FA912681B981ECD00061EC9 /* icon_144.png */ = {isa = PBXFileReference; lastKnownFileType = image.png; path = icon_144.png; sourceTree = "<group>"; };
		0FA912691B981ECD00061EC9 /* icon_173.png */ = {isa = PBXFileReference; lastKnownFileType = image.png; path = icon_173.png; sourceTree = "<group>"; };
		0FA912781B981F9E00061EC9 /* icon_40.png */ = {isa = PBXFileReference; lastKnownFileType = image.png; path = icon_40.png; sourceTree = "<group>"; };
		0FA912791B981F9E00061EC9 /* icon_50.png */ = {isa = PBXFileReference; lastKnownFileType = image.png; path = icon_50.png; sourceTree = "<group>"; };
		0FA9127A1B981F9F00061EC9 /* icon_60.png */ = {isa = PBXFileReference; lastKnownFileType = image.png; path = icon_60.png; sourceTree = "<group>"; };
		0FA9127B1B981F9F00061EC9 /* icon_100.png */ = {isa = PBXFileReference; lastKnownFileType = image.png; path = icon_100.png; sourceTree = "<group>"; };
		0FA912861B98261200061EC9 /* Default@2x~iphone4.png */ = {isa = PBXFileReference; lastKnownFileType = image.png; path = "Default@2x~iphone4.png"; sourceTree = "<group>"; };
		0FE2606A1BB7CB840020EA0D /* Bolts.framework */ = {isa = PBXFileReference; lastKnownFileType = wrapper.framework; path = Bolts.framework; sourceTree = "<group>"; };
		0FE2606B1BB7CB840020EA0D /* Parse.framework */ = {isa = PBXFileReference; lastKnownFileType = wrapper.framework; path = Parse.framework; sourceTree = "<group>"; };
		0FE2606C1BB7CB840020EA0D /* ParseCrashReporting.framework */ = {isa = PBXFileReference; lastKnownFileType = wrapper.framework; path = ParseCrashReporting.framework; sourceTree = "<group>"; };
		0FE2606D1BB7CB840020EA0D /* ParseFacebookUtilsV4.framework */ = {isa = PBXFileReference; lastKnownFileType = wrapper.framework; path = ParseFacebookUtilsV4.framework; sourceTree = "<group>"; };
		0FE2606E1BB7CB840020EA0D /* ParseTwitterUtils.framework */ = {isa = PBXFileReference; lastKnownFileType = wrapper.framework; path = ParseTwitterUtils.framework; sourceTree = "<group>"; };
		0FE2606F1BB7CB840020EA0D /* ParseUI.framework */ = {isa = PBXFileReference; lastKnownFileType = wrapper.framework; path = ParseUI.framework; sourceTree = "<group>"; };
		0FE260761BB7CBC40020EA0D /* UIKit.framework */ = {isa = PBXFileReference; lastKnownFileType = wrapper.framework; name = UIKit.framework; path = System/Library/Frameworks/UIKit.framework; sourceTree = SDKROOT; };
		0FE260781BB7CBD10020EA0D /* CFNetwork.framework */ = {isa = PBXFileReference; lastKnownFileType = wrapper.framework; name = CFNetwork.framework; path = System/Library/Frameworks/CFNetwork.framework; sourceTree = SDKROOT; };
		0FE2607A1BB7CBE50020EA0D /* QuartzCore.framework */ = {isa = PBXFileReference; lastKnownFileType = wrapper.framework; name = QuartzCore.framework; path = System/Library/Frameworks/QuartzCore.framework; sourceTree = SDKROOT; };
		0FE2607C1BB7CBEC0020EA0D /* Security.framework */ = {isa = PBXFileReference; lastKnownFileType = wrapper.framework; name = Security.framework; path = System/Library/Frameworks/Security.framework; sourceTree = SDKROOT; };
		0FE2607E1BB7CBF80020EA0D /* StoreKit.framework */ = {isa = PBXFileReference; lastKnownFileType = wrapper.framework; name = StoreKit.framework; path = System/Library/Frameworks/StoreKit.framework; sourceTree = SDKROOT; };
		0FE260801BB7CC060020EA0D /* libz.tbd */ = {isa = PBXFileReference; lastKnownFileType = "sourcecode.text-based-dylib-definition"; name = libz.tbd; path = usr/lib/libz.tbd; sourceTree = SDKROOT; };
		0FE260821BB7CC0C0020EA0D /* libsqlite3.tbd */ = {isa = PBXFileReference; lastKnownFileType = "sourcecode.text-based-dylib-definition"; name = libsqlite3.tbd; path = usr/lib/libsqlite3.tbd; sourceTree = SDKROOT; };
		0FE260841BB7CC140020EA0D /* libstdc++.6.tbd */ = {isa = PBXFileReference; lastKnownFileType = "sourcecode.text-based-dylib-definition"; name = "libstdc++.6.tbd"; path = "usr/lib/libstdc++.6.tbd"; sourceTree = SDKROOT; };
		0FE260861BB7CC1A0020EA0D /* Accounts.framework */ = {isa = PBXFileReference; lastKnownFileType = wrapper.framework; name = Accounts.framework; path = System/Library/Frameworks/Accounts.framework; sourceTree = SDKROOT; };
		0FE260881BB7CD1A0020EA0D /* FBSDKCoreKit.framework */ = {isa = PBXFileReference; lastKnownFileType = wrapper.framework; path = FBSDKCoreKit.framework; sourceTree = "<group>"; };
		0FE2608A1BB7CD2D0020EA0D /* FBSDKLoginKit.framework */ = {isa = PBXFileReference; lastKnownFileType = wrapper.framework; path = FBSDKLoginKit.framework; sourceTree = "<group>"; };
		106A1B06AEB04A7E94AC04EF /* UNIBaseRequest.m */ = {isa = PBXFileReference; fileEncoding = 4; lastKnownFileType = sourcecode.c.objc; name = UNIBaseRequest.m; path = "ionic-plugin-deploy/UNIBaseRequest.m"; sourceTree = "<group>"; };
		14BB879F8EA04ED597D24408 /* AudioToolbox.framework */ = {isa = PBXFileReference; fileEncoding = 4; lastKnownFileType = wrapper.framework; name = AudioToolbox.framework; path = System/Library/Frameworks/AudioToolbox.framework; sourceTree = SDKROOT; };
		15B3F090404849ACB6ECC6B1 /* UNIJsonNode.m */ = {isa = PBXFileReference; fileEncoding = 4; lastKnownFileType = sourcecode.c.objc; name = UNIJsonNode.m; path = "ionic-plugin-deploy/UNIJsonNode.m"; sourceTree = "<group>"; };
		1609C41B44814D6C9DCA5294 /* UNIJsonNode.h */ = {isa = PBXFileReference; fileEncoding = 4; lastKnownFileType = sourcecode.c.h; name = UNIJsonNode.h; path = "ionic-plugin-deploy/UNIJsonNode.h"; sourceTree = "<group>"; };
		164B769BDD424B21B2164D54 /* UNISimpleRequest.h */ = {isa = PBXFileReference; fileEncoding = 4; lastKnownFileType = sourcecode.c.h; name = UNISimpleRequest.h; path = "ionic-plugin-deploy/UNISimpleRequest.h"; sourceTree = "<group>"; };
		178092C8D5264B5BBF8140C8 /* UNIHTTPBinaryResponse.h */ = {isa = PBXFileReference; fileEncoding = 4; lastKnownFileType = sourcecode.c.h; name = UNIHTTPBinaryResponse.h; path = "ionic-plugin-deploy/UNIHTTPBinaryResponse.h"; sourceTree = "<group>"; };
		180EAFF313164FA29084C1C7 /* Base64.h */ = {isa = PBXFileReference; fileEncoding = 4; lastKnownFileType = sourcecode.c.h; name = Base64.h; path = "ionic-plugin-deploy/Base64.h"; sourceTree = "<group>"; };
		18ADAD6B3FAA479E9BA23417 /* gzclose.c */ = {isa = PBXFileReference; fileEncoding = 4; lastKnownFileType = unknown; name = gzclose.c; path = "ionic-plugin-deploy/gzclose.c"; sourceTree = "<group>"; };
		1C0607C5504F4D29A6055D8A /* CDVSplashScreen.m */ = {isa = PBXFileReference; fileEncoding = 4; lastKnownFileType = sourcecode.c.objc; name = CDVSplashScreen.m; path = "cordova-plugin-splashscreen/CDVSplashScreen.m"; sourceTree = "<group>"; };
		1D3623240D0F684500981E51 /* AppDelegate.h */ = {isa = PBXFileReference; fileEncoding = 4; lastKnownFileType = sourcecode.c.h; path = AppDelegate.h; sourceTree = "<group>"; };
		1D3623250D0F684500981E51 /* AppDelegate.m */ = {isa = PBXFileReference; fileEncoding = 4; lastKnownFileType = sourcecode.c.objc; path = AppDelegate.m; sourceTree = "<group>"; };
		1D6058910D05DD3D006BFB54 /* FoodMe.app */ = {isa = PBXFileReference; explicitFileType = wrapper.application; includeInIndex = 0; path = FoodMe.app; sourceTree = BUILT_PRODUCTS_DIR; };
		262C61E0DA8A421B87424216 /* UNIHTTPBinaryResponse.m */ = {isa = PBXFileReference; fileEncoding = 4; lastKnownFileType = sourcecode.c.objc; name = UNIHTTPBinaryResponse.m; path = "ionic-plugin-deploy/UNIHTTPBinaryResponse.m"; sourceTree = "<group>"; };
		281431BE341A47D2AEB1CD06 /* SSZipArchive.m */ = {isa = PBXFileReference; fileEncoding = 4; lastKnownFileType = sourcecode.c.objc; name = SSZipArchive.m; path = "ionic-plugin-deploy/SSZipArchive.m"; sourceTree = "<group>"; };
		2857CAFEA1E9497BA5FE169E /* inflate.c */ = {isa = PBXFileReference; fileEncoding = 4; lastKnownFileType = unknown; name = inflate.c; path = "ionic-plugin-deploy/inflate.c"; sourceTree = "<group>"; };
		288765FC0DF74451002DB57D /* CoreGraphics.framework */ = {isa = PBXFileReference; lastKnownFileType = wrapper.framework; name = CoreGraphics.framework; path = System/Library/Frameworks/CoreGraphics.framework; sourceTree = SDKROOT; };
		29B97316FDCFA39411CA2CEA /* main.m */ = {isa = PBXFileReference; fileEncoding = 4; lastKnownFileType = sourcecode.c.objc; path = main.m; sourceTree = "<group>"; };
		2C79359168484C269988F768 /* Base64.m */ = {isa = PBXFileReference; fileEncoding = 4; lastKnownFileType = sourcecode.c.objc; name = Base64.m; path = "ionic-plugin-deploy/Base64.m"; sourceTree = "<group>"; };
		2D4E58AE79E94458B9E31D55 /* inffast.c */ = {isa = PBXFileReference; fileEncoding = 4; lastKnownFileType = unknown; name = inffast.c; path = "ionic-plugin-deploy/inffast.c"; sourceTree = "<group>"; };
		2E0886BD8F8046A29BB57184 /* crc32.c */ = {isa = PBXFileReference; fileEncoding = 4; lastKnownFileType = unknown; name = crc32.c; path = "ionic-plugin-deploy/crc32.c"; sourceTree = "<group>"; };
		2EE248B1BF87486795CED8D0 /* CDVNotification.h */ = {isa = PBXFileReference; fileEncoding = 4; lastKnownFileType = sourcecode.c.h; name = CDVNotification.h; path = org.apache.cordova.dialogs/CDVNotification.h; sourceTree = "<group>"; };
		301BF52D109A57CC0062928A /* CordovaLib.xcodeproj */ = {isa = PBXFileReference; lastKnownFileType = "wrapper.pb-project"; name = CordovaLib.xcodeproj; path = CordovaLib/CordovaLib.xcodeproj; sourceTree = "<group>"; };
		301BF56E109A69640062928A /* www */ = {isa = PBXFileReference; lastKnownFileType = folder; path = www; sourceTree = SOURCE_ROOT; };
		302D95EE14D2391D003F00A1 /* MainViewController.h */ = {isa = PBXFileReference; fileEncoding = 4; lastKnownFileType = sourcecode.c.h; path = MainViewController.h; sourceTree = "<group>"; };
		302D95EF14D2391D003F00A1 /* MainViewController.m */ = {isa = PBXFileReference; fileEncoding = 4; lastKnownFileType = sourcecode.c.objc; path = MainViewController.m; sourceTree = "<group>"; };
		302D95F014D2391D003F00A1 /* MainViewController.xib */ = {isa = PBXFileReference; fileEncoding = 4; lastKnownFileType = file.xib; path = MainViewController.xib; sourceTree = "<group>"; };
		305D5FD0115AB8F900A74A75 /* MobileCoreServices.framework */ = {isa = PBXFileReference; lastKnownFileType = wrapper.framework; name = MobileCoreServices.framework; path = System/Library/Frameworks/MobileCoreServices.framework; sourceTree = SDKROOT; };
		3088BBB7154F3926009F9C59 /* Default-Landscape@2x~ipad.png */ = {isa = PBXFileReference; lastKnownFileType = image.png; path = "Default-Landscape@2x~ipad.png"; sourceTree = "<group>"; };
		3088BBB8154F3926009F9C59 /* Default-Landscape~ipad.png */ = {isa = PBXFileReference; lastKnownFileType = image.png; path = "Default-Landscape~ipad.png"; sourceTree = "<group>"; };
		3088BBB9154F3926009F9C59 /* Default-Portrait@2x~ipad.png */ = {isa = PBXFileReference; lastKnownFileType = image.png; path = "Default-Portrait@2x~ipad.png"; sourceTree = "<group>"; };
		3088BBBA154F3926009F9C59 /* Default-Portrait~ipad.png */ = {isa = PBXFileReference; lastKnownFileType = image.png; path = "Default-Portrait~ipad.png"; sourceTree = "<group>"; };
		3088BBBB154F3926009F9C59 /* Default@2x~iphone.png */ = {isa = PBXFileReference; lastKnownFileType = image.png; path = "Default@2x~iphone.png"; sourceTree = "<group>"; };
		3088BBBC154F3926009F9C59 /* Default~iphone.png */ = {isa = PBXFileReference; lastKnownFileType = image.png; path = "Default~iphone.png"; sourceTree = "<group>"; };
		308D052E1370CCF300D202BF /* icon-72.png */ = {isa = PBXFileReference; lastKnownFileType = image.png; path = "icon-72.png"; sourceTree = "<group>"; };
		308D052F1370CCF300D202BF /* icon.png */ = {isa = PBXFileReference; lastKnownFileType = image.png; path = icon.png; sourceTree = "<group>"; };
		308D05301370CCF300D202BF /* icon@2x.png */ = {isa = PBXFileReference; lastKnownFileType = image.png; path = "icon@2x.png"; sourceTree = "<group>"; };
		30B4F2FD19D5E07200D9F7D8 /* Default-667h.png */ = {isa = PBXFileReference; lastKnownFileType = image.png; path = "Default-667h.png"; sourceTree = "<group>"; };
		30B4F2FE19D5E07200D9F7D8 /* Default-736h.png */ = {isa = PBXFileReference; lastKnownFileType = image.png; path = "Default-736h.png"; sourceTree = "<group>"; };
		30B4F2FF19D5E07200D9F7D8 /* Default-Landscape-736h.png */ = {isa = PBXFileReference; lastKnownFileType = image.png; path = "Default-Landscape-736h.png"; sourceTree = "<group>"; };
		30C1856519D5FC0A00212699 /* icon-60@3x.png */ = {isa = PBXFileReference; lastKnownFileType = image.png; path = "icon-60@3x.png"; sourceTree = "<group>"; };
		30FC414816E50CA1004E6F35 /* icon-72@2x.png */ = {isa = PBXFileReference; lastKnownFileType = image.png; path = "icon-72@2x.png"; sourceTree = "<group>"; };
		3195C74F8CBD4F429EE11886 /* ioapi.h */ = {isa = PBXFileReference; fileEncoding = 4; lastKnownFileType = sourcecode.c.h; name = ioapi.h; path = "ionic-plugin-deploy/ioapi.h"; sourceTree = "<group>"; };
		32CA4F630368D1EE00C91783 /* FoodMe-Prefix.pch */ = {isa = PBXFileReference; fileEncoding = 4; lastKnownFileType = sourcecode.c.h; path = "FoodMe-Prefix.pch"; sourceTree = "<group>"; };
		3485D8D33712456BB9067FB7 /* crypt.h */ = {isa = PBXFileReference; fileEncoding = 4; lastKnownFileType = sourcecode.c.h; name = crypt.h; path = "ionic-plugin-deploy/crypt.h"; sourceTree = "<group>"; };
		37051E342853415A869757A1 /* UNISimpleRequest.m */ = {isa = PBXFileReference; fileEncoding = 4; lastKnownFileType = sourcecode.c.objc; name = UNISimpleRequest.m; path = "ionic-plugin-deploy/UNISimpleRequest.m"; sourceTree = "<group>"; };
		3711A0CA931E462DA195ECFC /* unzip.h */ = {isa = PBXFileReference; fileEncoding = 4; lastKnownFileType = sourcecode.c.h; name = unzip.h; path = "ionic-plugin-deploy/unzip.h"; sourceTree = "<group>"; };
		38054EE6FC10480F8A5B8129 /* UNIHTTPStringResponse.h */ = {isa = PBXFileReference; fileEncoding = 4; lastKnownFileType = sourcecode.c.h; name = UNIHTTPStringResponse.h; path = "ionic-plugin-deploy/UNIHTTPStringResponse.h"; sourceTree = "<group>"; };
		3AA925B936014DE6B3D1F645 /* CDVViewController+SplashScreen.h */ = {isa = PBXFileReference; fileEncoding = 4; lastKnownFileType = sourcecode.c.h; name = "CDVViewController+SplashScreen.h"; path = "cordova-plugin-splashscreen/CDVViewController+SplashScreen.h"; sourceTree = "<group>"; };
		3AE264A085244D9FB09D5840 /* CDVSplashScreen.h */ = {isa = PBXFileReference; fileEncoding = 4; lastKnownFileType = sourcecode.c.h; name = CDVSplashScreen.h; path = "cordova-plugin-splashscreen/CDVSplashScreen.h"; sourceTree = "<group>"; };
		3B936E0ED6C64816B3CDFCAF /* UNIHTTPRequest.m */ = {isa = PBXFileReference; fileEncoding = 4; lastKnownFileType = sourcecode.c.objc; name = UNIHTTPRequest.m; path = "ionic-plugin-deploy/UNIHTTPRequest.m"; sourceTree = "<group>"; };
		3DE49D7CE98246DDB427F820 /* IonicDeploy.m */ = {isa = PBXFileReference; fileEncoding = 4; lastKnownFileType = sourcecode.c.objc; name = IonicDeploy.m; path = "ionic-plugin-deploy/IonicDeploy.m"; sourceTree = "<group>"; };
		3FEA5794EC31483BB0FAB68E /* CDVVibration.h */ = {isa = PBXFileReference; fileEncoding = 4; lastKnownFileType = sourcecode.c.h; name = CDVVibration.h; path = org.apache.cordova.vibration/CDVVibration.h; sourceTree = "<group>"; };
		40FA29A9DB3C47B6B7B09EE9 /* DownloadManager.h */ = {isa = PBXFileReference; fileEncoding = 4; lastKnownFileType = sourcecode.c.h; name = DownloadManager.h; path = "ionic-plugin-deploy/DownloadManager.h"; sourceTree = "<group>"; };
		440824156B084A538ECA643E /* Screenshot.m */ = {isa = PBXFileReference; fileEncoding = 4; lastKnownFileType = sourcecode.c.objc; name = Screenshot.m; path = com.darktalker.cordova.screenshot/Screenshot.m; sourceTree = "<group>"; };
		452730A5F7D14F88AA12D7D4 /* IonicDeploy.h */ = {isa = PBXFileReference; fileEncoding = 4; lastKnownFileType = sourcecode.c.h; name = IonicDeploy.h; path = "ionic-plugin-deploy/IonicDeploy.h"; sourceTree = "<group>"; };
		45CA6365B840406D8B20F52C /* CDVNotification.m */ = {isa = PBXFileReference; fileEncoding = 4; lastKnownFileType = sourcecode.c.objc; name = CDVNotification.m; path = org.apache.cordova.dialogs/CDVNotification.m; sourceTree = "<group>"; };
		46137AC2DDBD4A82B47E04D0 /* CDVVibration.m */ = {isa = PBXFileReference; fileEncoding = 4; lastKnownFileType = sourcecode.c.objc; name = CDVVibration.m; path = org.apache.cordova.vibration/CDVVibration.m; sourceTree = "<group>"; };
		4B0187AD60074652A82403FE /* IonicConstant.m */ = {isa = PBXFileReference; fileEncoding = 4; lastKnownFileType = sourcecode.c.objc; name = IonicConstant.m; path = "ionic-plugin-deploy/IonicConstant.m"; sourceTree = "<group>"; };
		4B65E8EB54A04CF5A86C28A9 /* CDVReachability.h */ = {isa = PBXFileReference; fileEncoding = 4; lastKnownFileType = sourcecode.c.h; name = CDVReachability.h; path = "org.apache.cordova.network-information/CDVReachability.h"; sourceTree = "<group>"; };
		51A5FDF2FB9746999C904CB1 /* UNIHTTPResponse.m */ = {isa = PBXFileReference; fileEncoding = 4; lastKnownFileType = sourcecode.c.objc; name = UNIHTTPResponse.m; path = "ionic-plugin-deploy/UNIHTTPResponse.m"; sourceTree = "<group>"; };
		5489BBE0C540424197C46CE2 /* CoreLocation.framework */ = {isa = PBXFileReference; fileEncoding = 4; lastKnownFileType = wrapper.framework; name = CoreLocation.framework; path = System/Library/Frameworks/CoreLocation.framework; sourceTree = SDKROOT; };
		55C3E93129BF4C2583C74D6F /* Social.framework */ = {isa = PBXFileReference; fileEncoding = 4; lastKnownFileType = wrapper.framework; name = Social.framework; path = System/Library/Frameworks/Social.framework; sourceTree = SDKROOT; };
		5A26E7317453425396A5330C /* Download.h */ = {isa = PBXFileReference; fileEncoding = 4; lastKnownFileType = sourcecode.c.h; name = Download.h; path = "ionic-plugin-deploy/Download.h"; sourceTree = "<group>"; };
		5B1594DC16A7569C00FEF299 /* AssetsLibrary.framework */ = {isa = PBXFileReference; lastKnownFileType = wrapper.framework; name = AssetsLibrary.framework; path = System/Library/Frameworks/AssetsLibrary.framework; sourceTree = SDKROOT; };
		5E1D4DA6234D47E591825923 /* CDVDevice.m */ = {isa = PBXFileReference; fileEncoding = 4; lastKnownFileType = sourcecode.c.objc; name = CDVDevice.m; path = "cordova-plugin-device/CDVDevice.m"; sourceTree = "<group>"; };
		6591B9BACDDF47AF9C6B9AEC /* CDVNotification.bundle */ = {isa = PBXFileReference; lastKnownFileType = "wrapper.plug-in"; path = CDVNotification.bundle; sourceTree = "<group>"; };
		67265BAA59234135A4251E69 /* gzlib.c */ = {isa = PBXFileReference; fileEncoding = 4; lastKnownFileType = unknown; name = gzlib.c; path = "ionic-plugin-deploy/gzlib.c"; sourceTree = "<group>"; };
		675E40E2F3C1414DB0E73067 /* UNIUrlConnection.m */ = {isa = PBXFileReference; fileEncoding = 4; lastKnownFileType = sourcecode.c.objc; name = UNIUrlConnection.m; path = "ionic-plugin-deploy/UNIUrlConnection.m"; sourceTree = "<group>"; };
		6DAD0D63E41F4D42BA1D2444 /* zlib.h */ = {isa = PBXFileReference; fileEncoding = 4; lastKnownFileType = sourcecode.c.h; name = zlib.h; path = "ionic-plugin-deploy/zlib.h"; sourceTree = "<group>"; };
		6E29BC8F9E8A4AC9BACE4832 /* gzwrite.c */ = {isa = PBXFileReference; fileEncoding = 4; lastKnownFileType = unknown; name = gzwrite.c; path = "ionic-plugin-deploy/gzwrite.c"; sourceTree = "<group>"; };
		728A000CD50747C9B265F793 /* UNIHTTPJsonResponse.m */ = {isa = PBXFileReference; fileEncoding = 4; lastKnownFileType = sourcecode.c.objc; name = UNIHTTPJsonResponse.m; path = "ionic-plugin-deploy/UNIHTTPJsonResponse.m"; sourceTree = "<group>"; };
		743853A0EFD14A3B82B358A8 /* CDVStatusBar.m */ = {isa = PBXFileReference; fileEncoding = 4; lastKnownFileType = sourcecode.c.objc; name = CDVStatusBar.m; path = "cordova-plugin-statusbar/CDVStatusBar.m"; sourceTree = "<group>"; };
		78A1ED34F80C4EBC98012726 /* UNIHTTPResponse.h */ = {isa = PBXFileReference; fileEncoding = 4; lastKnownFileType = sourcecode.c.h; name = UNIHTTPResponse.h; path = "ionic-plugin-deploy/UNIHTTPResponse.h"; sourceTree = "<group>"; };
		7AA976DED7B7437EA9500C1D /* UNIHTTPRequestWithBody.m */ = {isa = PBXFileReference; fileEncoding = 4; lastKnownFileType = sourcecode.c.objc; name = UNIHTTPRequestWithBody.m; path = "ionic-plugin-deploy/UNIHTTPRequestWithBody.m"; sourceTree = "<group>"; };
		7B0F6B99419D41289CC6F2C3 /* IonicConstant.h */ = {isa = PBXFileReference; fileEncoding = 4; lastKnownFileType = sourcecode.c.h; name = IonicConstant.h; path = "ionic-plugin-deploy/IonicConstant.h"; sourceTree = "<group>"; };
		7B1C44AE7C4E464284160E38 /* deflate.h */ = {isa = PBXFileReference; fileEncoding = 4; lastKnownFileType = sourcecode.c.h; name = deflate.h; path = "ionic-plugin-deploy/deflate.h"; sourceTree = "<group>"; };
		7E7966D41810823500FA85AD /* icon-40.png */ = {isa = PBXFileReference; lastKnownFileType = image.png; path = "icon-40.png"; sourceTree = "<group>"; };
		7E7966D51810823500FA85AD /* icon-40@2x.png */ = {isa = PBXFileReference; lastKnownFileType = image.png; path = "icon-40@2x.png"; sourceTree = "<group>"; };
		7E7966D61810823500FA85AD /* icon-50.png */ = {isa = PBXFileReference; lastKnownFileType = image.png; path = "icon-50.png"; sourceTree = "<group>"; };
		7E7966D71810823500FA85AD /* icon-50@2x.png */ = {isa = PBXFileReference; lastKnownFileType = image.png; path = "icon-50@2x.png"; sourceTree = "<group>"; };
		7E7966D81810823500FA85AD /* icon-60.png */ = {isa = PBXFileReference; lastKnownFileType = image.png; path = "icon-60.png"; sourceTree = "<group>"; };
		7E7966DA1810823500FA85AD /* icon-76.png */ = {isa = PBXFileReference; lastKnownFileType = image.png; path = "icon-76.png"; sourceTree = "<group>"; };
		7E7966DB1810823500FA85AD /* icon-76@2x.png */ = {isa = PBXFileReference; lastKnownFileType = image.png; path = "icon-76@2x.png"; sourceTree = "<group>"; };
		7E7966DC1810823500FA85AD /* icon-small.png */ = {isa = PBXFileReference; lastKnownFileType = image.png; path = "icon-small.png"; sourceTree = "<group>"; };
		7E7966DD1810823500FA85AD /* icon-small@2x.png */ = {isa = PBXFileReference; lastKnownFileType = image.png; path = "icon-small@2x.png"; sourceTree = "<group>"; };
		7E98EDE990D1480682AA3FE1 /* DownloadManager.m */ = {isa = PBXFileReference; fileEncoding = 4; lastKnownFileType = sourcecode.c.objc; name = DownloadManager.m; path = "ionic-plugin-deploy/DownloadManager.m"; sourceTree = "<group>"; };
		802D393D3051488CB1C82C78 /* inftrees.h */ = {isa = PBXFileReference; fileEncoding = 4; lastKnownFileType = sourcecode.c.h; name = inftrees.h; path = "ionic-plugin-deploy/inftrees.h"; sourceTree = "<group>"; };
		814423074EB1431A91B10915 /* Screenshot.h */ = {isa = PBXFileReference; fileEncoding = 4; lastKnownFileType = sourcecode.c.h; name = Screenshot.h; path = com.darktalker.cordova.screenshot/Screenshot.h; sourceTree = "<group>"; };
		8412029EDAC247CD861C2331 /* deflate.c */ = {isa = PBXFileReference; fileEncoding = 4; lastKnownFileType = unknown; name = deflate.c; path = "ionic-plugin-deploy/deflate.c"; sourceTree = "<group>"; };
		8CCFFB48FC7E4FC1A2604B5A /* UNIHTTPRequestWithBody.h */ = {isa = PBXFileReference; fileEncoding = 4; lastKnownFileType = sourcecode.c.h; name = UNIHTTPRequestWithBody.h; path = "ionic-plugin-deploy/UNIHTTPRequestWithBody.h"; sourceTree = "<group>"; };
		8D1107310486CEB800E47090 /* FoodMe-Info.plist */ = {isa = PBXFileReference; fileEncoding = 4; lastKnownFileType = text.plist.xml; name = "FoodMe-Info.plist"; path = "../FoodMe-Info.plist"; plistStructureDefinitionIdentifier = "com.apple.xcode.plist.structure-definition.iphone.info-plist"; sourceTree = "<group>"; };
		8F7CB5189F0F494CABBC23A7 /* UNIHTTPStringResponse.m */ = {isa = PBXFileReference; fileEncoding = 4; lastKnownFileType = sourcecode.c.objc; name = UNIHTTPStringResponse.m; path = "ionic-plugin-deploy/UNIHTTPStringResponse.m"; sourceTree = "<group>"; };
		8F9D33C45BF249E19B069AA4 /* zutil.c */ = {isa = PBXFileReference; fileEncoding = 4; lastKnownFileType = unknown; name = zutil.c; path = "ionic-plugin-deploy/zutil.c"; sourceTree = "<group>"; };
		90F495464CC7421B95F0C410 /* zip.h */ = {isa = PBXFileReference; fileEncoding = 4; lastKnownFileType = sourcecode.c.h; name = zip.h; path = "ionic-plugin-deploy/zip.h"; sourceTree = "<group>"; };
		9837D6D99EA9492CBD0EEBD1 /* SSZipArchive.h */ = {isa = PBXFileReference; fileEncoding = 4; lastKnownFileType = sourcecode.c.h; name = SSZipArchive.h; path = "ionic-plugin-deploy/SSZipArchive.h"; sourceTree = "<group>"; };
		986E069341AA492F8C138856 /* trees.c */ = {isa = PBXFileReference; fileEncoding = 4; lastKnownFileType = unknown; name = trees.c; path = "ionic-plugin-deploy/trees.c"; sourceTree = "<group>"; };
		9AE9D1BD158F4F72BE7AD4B2 /* UNIBodyRequest.m */ = {isa = PBXFileReference; fileEncoding = 4; lastKnownFileType = sourcecode.c.objc; name = UNIBodyRequest.m; path = "ionic-plugin-deploy/UNIBodyRequest.m"; sourceTree = "<group>"; };
		9CC2DA0499AE475594E5EED8 /* CDVConnection.h */ = {isa = PBXFileReference; fileEncoding = 4; lastKnownFileType = sourcecode.c.h; name = CDVConnection.h; path = "org.apache.cordova.network-information/CDVConnection.h"; sourceTree = "<group>"; };
		9DA5937CBA5044CF8A113F41 /* libsqlite3.0.dylib */ = {isa = PBXFileReference; fileEncoding = 4; lastKnownFileType = "compiled.mach-o.dylib"; name = libsqlite3.0.dylib; path = usr/lib/libsqlite3.0.dylib; sourceTree = SDKROOT; };
		9EF2D550AA3146288D1CADFC /* CDVLogger.m */ = {isa = PBXFileReference; fileEncoding = 4; lastKnownFileType = sourcecode.c.objc; name = CDVLogger.m; path = "cordova-plugin-console/CDVLogger.m"; sourceTree = "<group>"; };
		A0A72B04DECE412D8F899B78 /* CDVViewController+SplashScreen.m */ = {isa = PBXFileReference; fileEncoding = 4; lastKnownFileType = sourcecode.c.objc; name = "CDVViewController+SplashScreen.m"; path = "cordova-plugin-splashscreen/CDVViewController+SplashScreen.m"; sourceTree = "<group>"; };
		A28555369441408AAD766808 /* adler32.c */ = {isa = PBXFileReference; fileEncoding = 4; lastKnownFileType = unknown; name = adler32.c; path = "ionic-plugin-deploy/adler32.c"; sourceTree = "<group>"; };
		A6A6B06BF702415187837EE5 /* UNIHTTPClientHelper.h */ = {isa = PBXFileReference; fileEncoding = 4; lastKnownFileType = sourcecode.c.h; name = UNIHTTPClientHelper.h; path = "ionic-plugin-deploy/UNIHTTPClientHelper.h"; sourceTree = "<group>"; };
		A6C48C10D7D3436F8DCF9B82 /* inffixed.h */ = {isa = PBXFileReference; fileEncoding = 4; lastKnownFileType = sourcecode.c.h; name = inffixed.h; path = "ionic-plugin-deploy/inffixed.h"; sourceTree = "<group>"; };
		A7406477FF0C41189BE37CD9 /* UNIBodyRequest.h */ = {isa = PBXFileReference; fileEncoding = 4; lastKnownFileType = sourcecode.c.h; name = UNIBodyRequest.h; path = "ionic-plugin-deploy/UNIBodyRequest.h"; sourceTree = "<group>"; };
		A935F3896593431C90B0881D /* UNIBaseRequest.h */ = {isa = PBXFileReference; fileEncoding = 4; lastKnownFileType = sourcecode.c.h; name = UNIBaseRequest.h; path = "ionic-plugin-deploy/UNIBaseRequest.h"; sourceTree = "<group>"; };
		AA733A21F5E54C92BB462F2B /* UNIRest.m */ = {isa = PBXFileReference; fileEncoding = 4; lastKnownFileType = sourcecode.c.objc; name = UNIRest.m; path = "ionic-plugin-deploy/UNIRest.m"; sourceTree = "<group>"; };
		ADD8AB15DC594E5F99F99535 /* UNIRest.h */ = {isa = PBXFileReference; fileEncoding = 4; lastKnownFileType = sourcecode.c.h; name = UNIRest.h; path = "ionic-plugin-deploy/UNIRest.h"; sourceTree = "<group>"; };
		ADFE4EEB26BD4A95A77C77EE /* UNIHTTPClientHelper.m */ = {isa = PBXFileReference; fileEncoding = 4; lastKnownFileType = sourcecode.c.objc; name = UNIHTTPClientHelper.m; path = "ionic-plugin-deploy/UNIHTTPClientHelper.m"; sourceTree = "<group>"; };
		AF3F490C07954369B1A4F37A /* Unirest-Prefix.pch */ = {isa = PBXFileReference; fileEncoding = 4; lastKnownFileType = unknown; name = "Unirest-Prefix.pch"; path = "ionic-plugin-deploy/Unirest-Prefix.pch"; sourceTree = "<group>"; };
		AF66D24B99CD42FF96FD1CB6 /* zutil.h */ = {isa = PBXFileReference; fileEncoding = 4; lastKnownFileType = sourcecode.c.h; name = zutil.h; path = "ionic-plugin-deploy/zutil.h"; sourceTree = "<group>"; };
		AFAB64CF99A14259BB8545B1 /* UNIHTTPJsonResponse.h */ = {isa = PBXFileReference; fileEncoding = 4; lastKnownFileType = sourcecode.c.h; name = UNIHTTPJsonResponse.h; path = "ionic-plugin-deploy/UNIHTTPJsonResponse.h"; sourceTree = "<group>"; };
		B639D7E60A464AB8AAECECBB /* SocialSharing.m */ = {isa = PBXFileReference; fileEncoding = 4; lastKnownFileType = sourcecode.c.objc; name = SocialSharing.m; path = "cordova-plugin-x-socialsharing/SocialSharing.m"; sourceTree = "<group>"; };
		B8DD6AC07F1C44D589738BBD /* gzread.c */ = {isa = PBXFileReference; fileEncoding = 4; lastKnownFileType = unknown; name = gzread.c; path = "ionic-plugin-deploy/gzread.c"; sourceTree = "<group>"; };
		BDE8CAFDA9CC478EBDF7F9C7 /* unzip.c */ = {isa = PBXFileReference; fileEncoding = 4; lastKnownFileType = unknown; name = unzip.c; path = "ionic-plugin-deploy/unzip.c"; sourceTree = "<group>"; };
		BEEA78891390404791493BFE /* inflate.h */ = {isa = PBXFileReference; fileEncoding = 4; lastKnownFileType = sourcecode.c.h; name = inflate.h; path = "ionic-plugin-deploy/inflate.h"; sourceTree = "<group>"; };
		CB095A9C93BC435E829BE488 /* CDVReachability.m */ = {isa = PBXFileReference; fileEncoding = 4; lastKnownFileType = sourcecode.c.objc; name = CDVReachability.m; path = "org.apache.cordova.network-information/CDVReachability.m"; sourceTree = "<group>"; };
		CFA0A476F5084BA0993C93C2 /* CDVLogger.h */ = {isa = PBXFileReference; fileEncoding = 4; lastKnownFileType = sourcecode.c.h; name = CDVLogger.h; path = "cordova-plugin-console/CDVLogger.h"; sourceTree = "<group>"; };
		D33BD8B8D2A64D8DB6D56E67 /* ARCHelper.h */ = {isa = PBXFileReference; fileEncoding = 4; lastKnownFileType = sourcecode.c.h; name = ARCHelper.h; path = "ionic-plugin-deploy/ARCHelper.h"; sourceTree = "<group>"; };
		D3CCF9909B644A618CE86858 /* infback.c */ = {isa = PBXFileReference; fileEncoding = 4; lastKnownFileType = unknown; name = infback.c; path = "ionic-plugin-deploy/infback.c"; sourceTree = "<group>"; };
		D455E5328AEB40DD97E1DE11 /* uncompr.c */ = {isa = PBXFileReference; fileEncoding = 4; lastKnownFileType = unknown; name = uncompr.c; path = "ionic-plugin-deploy/uncompr.c"; sourceTree = "<group>"; };
		D4A0D8751607E02300AEF8BB /* Default-568h@2x~iphone.png */ = {isa = PBXFileReference; lastKnownFileType = image.png; path = "Default-568h@2x~iphone.png"; sourceTree = "<group>"; };
		D55174A94D85451CB2BA927F /* zconf.h */ = {isa = PBXFileReference; fileEncoding = 4; lastKnownFileType = sourcecode.c.h; name = zconf.h; path = "ionic-plugin-deploy/zconf.h"; sourceTree = "<group>"; };
		DA3501325E87432FAEAF0049 /* Download.m */ = {isa = PBXFileReference; fileEncoding = 4; lastKnownFileType = sourcecode.c.objc; name = Download.m; path = "ionic-plugin-deploy/Download.m"; sourceTree = "<group>"; };
		DD3658855FD94E689AB82956 /* inftrees.c */ = {isa = PBXFileReference; fileEncoding = 4; lastKnownFileType = unknown; name = inftrees.c; path = "ionic-plugin-deploy/inftrees.c"; sourceTree = "<group>"; };
		DFADA2EA931F4ACCB3E14A36 /* UNIUrlConnection.h */ = {isa = PBXFileReference; fileEncoding = 4; lastKnownFileType = sourcecode.c.h; name = UNIUrlConnection.h; path = "ionic-plugin-deploy/UNIUrlConnection.h"; sourceTree = "<group>"; };
		DFD5B99D11A445CDB5DC2752 /* CDVLocation.m */ = {isa = PBXFileReference; fileEncoding = 4; lastKnownFileType = sourcecode.c.objc; name = CDVLocation.m; path = org.apache.cordova.geolocation/CDVLocation.m; sourceTree = "<group>"; };
		E159DE1F3A08429CAB4B27B2 /* inffast.h */ = {isa = PBXFileReference; fileEncoding = 4; lastKnownFileType = sourcecode.c.h; name = inffast.h; path = "ionic-plugin-deploy/inffast.h"; sourceTree = "<group>"; };
		E49FC80313E548A7A6499E89 /* UNIHTTPRequest.h */ = {isa = PBXFileReference; fileEncoding = 4; lastKnownFileType = sourcecode.c.h; name = UNIHTTPRequest.h; path = "ionic-plugin-deploy/UNIHTTPRequest.h"; sourceTree = "<group>"; };
		E7711EE270E348DF85D36B6D /* trees.h */ = {isa = PBXFileReference; fileEncoding = 4; lastKnownFileType = sourcecode.c.h; name = trees.h; path = "ionic-plugin-deploy/trees.h"; sourceTree = "<group>"; };
		EB87FDF21871DA7A0020F90C /* merges */ = {isa = PBXFileReference; lastKnownFileType = folder; name = merges; path = ../../merges; sourceTree = "<group>"; };
		EB87FDF31871DA8E0020F90C /* www */ = {isa = PBXFileReference; lastKnownFileType = folder; name = www; path = ../../www; sourceTree = "<group>"; };
		EB87FDF41871DAF40020F90C /* config.xml */ = {isa = PBXFileReference; lastKnownFileType = text.xml; name = config.xml; path = ../../config.xml; sourceTree = "<group>"; };
		ECCF31528A424D14AC340466 /* MessageUI.framework */ = {isa = PBXFileReference; fileEncoding = 4; lastKnownFileType = wrapper.framework; name = MessageUI.framework; path = System/Library/Frameworks/MessageUI.framework; sourceTree = SDKROOT; };
		EFE2DDAE91DA4F8298899898 /* gzguts.h */ = {isa = PBXFileReference; fileEncoding = 4; lastKnownFileType = sourcecode.c.h; name = gzguts.h; path = "ionic-plugin-deploy/gzguts.h"; sourceTree = "<group>"; };
		F08D34D898084C17A50E0CCF /* CDVInAppBrowser.h */ = {isa = PBXFileReference; fileEncoding = 4; lastKnownFileType = sourcecode.c.h; name = CDVInAppBrowser.h; path = "cordova-plugin-inappbrowser/CDVInAppBrowser.h"; sourceTree = "<group>"; };
		F109FE12F7FE43F5989CBF10 /* ioapi.c */ = {isa = PBXFileReference; fileEncoding = 4; lastKnownFileType = unknown; name = ioapi.c; path = "ionic-plugin-deploy/ioapi.c"; sourceTree = "<group>"; };
		F1BB560BB5F840E58C060547 /* CDVStatusBar.h */ = {isa = PBXFileReference; fileEncoding = 4; lastKnownFileType = sourcecode.c.h; name = CDVStatusBar.h; path = "cordova-plugin-statusbar/CDVStatusBar.h"; sourceTree = "<group>"; };
		F2390EEE84E44C26AF222D7B /* CDVLocation.h */ = {isa = PBXFileReference; fileEncoding = 4; lastKnownFileType = sourcecode.c.h; name = CDVLocation.h; path = org.apache.cordova.geolocation/CDVLocation.h; sourceTree = "<group>"; };
		F273F5DC9A28452087A2D2FA /* zip.c */ = {isa = PBXFileReference; fileEncoding = 4; lastKnownFileType = unknown; name = zip.c; path = "ionic-plugin-deploy/zip.c"; sourceTree = "<group>"; };
		F6FD5BEEE822471FABA52E4C /* SocialSharing.h */ = {isa = PBXFileReference; fileEncoding = 4; lastKnownFileType = sourcecode.c.h; name = SocialSharing.h; path = "cordova-plugin-x-socialsharing/SocialSharing.h"; sourceTree = "<group>"; };
		F70567D90E644DDD9EC176A9 /* CDVDevice.h */ = {isa = PBXFileReference; fileEncoding = 4; lastKnownFileType = sourcecode.c.h; name = CDVDevice.h; path = "cordova-plugin-device/CDVDevice.h"; sourceTree = "<group>"; };
		F840E1F0165FE0F500CFE078 /* config.xml */ = {isa = PBXFileReference; lastKnownFileType = text.xml; name = config.xml; path = FoodMe/config.xml; sourceTree = "<group>"; };
		A5CEFDC02D4C4210983BF07D /* SystemConfiguration.framework */ = {isa = PBXFileReference; lastKnownFileType = wrapper.framework; name = "SystemConfiguration.framework"; path = "System/Library/Frameworks/SystemConfiguration.framework"; sourceTree = SDKROOT; fileEncoding = 4; };
		16BF4189605547E4BE83FA90 /* CoreData.framework */ = {isa = PBXFileReference; lastKnownFileType = wrapper.framework; name = "CoreData.framework"; path = "System/Library/Frameworks/CoreData.framework"; sourceTree = SDKROOT; fileEncoding = 4; };
		BEB0157ADC344500803D9AC5 /* libz.dylib */ = {isa = PBXFileReference; lastKnownFileType = "compiled.mach-o.dylib"; name = "libz.dylib"; path = "usr/lib/libz.dylib"; sourceTree = SDKROOT; fileEncoding = 4; };
		451B7F2EA0024D33ACE8AF4E /* libsqlite3.dylib */ = {isa = PBXFileReference; lastKnownFileType = "compiled.mach-o.dylib"; name = "libsqlite3.dylib"; path = "usr/lib/libsqlite3.dylib"; sourceTree = SDKROOT; fileEncoding = 4; };
		E58E7F32023B496394BA8BE1 /* UniversalAnalyticsPlugin.m */ = {isa = PBXFileReference; lastKnownFileType = sourcecode.c.objc; name = "UniversalAnalyticsPlugin.m"; path = "cordova-plugin-google-analytics/UniversalAnalyticsPlugin.m"; sourceTree = "<group>"; fileEncoding = 4; };
		49C2E62FFD304E7298580408 /* libGoogleAnalyticsServices.a */ = {isa = PBXFileReference; lastKnownFileType = archive.ar; name = "libGoogleAnalyticsServices.a"; path = "FoodMe/Plugins/cordova-plugin-google-analytics/libGoogleAnalyticsServices.a"; sourceTree = "<group>"; fileEncoding = 4; };
		A39F9DDF6FCB4FE494DB4E65 /* UniversalAnalyticsPlugin.h */ = {isa = PBXFileReference; lastKnownFileType = sourcecode.c.h; name = "UniversalAnalyticsPlugin.h"; path = "cordova-plugin-google-analytics/UniversalAnalyticsPlugin.h"; sourceTree = "<group>"; fileEncoding = 4; };
		B3504FB36BD742FF9D1CA6C4 /* GAIDictionaryBuilder.h */ = {isa = PBXFileReference; lastKnownFileType = sourcecode.c.h; name = "GAIDictionaryBuilder.h"; path = "cordova-plugin-google-analytics/GAIDictionaryBuilder.h"; sourceTree = "<group>"; fileEncoding = 4; };
		FA8663B3B45347A49C72EB75 /* GAIFields.h */ = {isa = PBXFileReference; lastKnownFileType = sourcecode.c.h; name = "GAIFields.h"; path = "cordova-plugin-google-analytics/GAIFields.h"; sourceTree = "<group>"; fileEncoding = 4; };
		F8C125B1BD044E029786243B /* GAILogger.h */ = {isa = PBXFileReference; lastKnownFileType = sourcecode.c.h; name = "GAILogger.h"; path = "cordova-plugin-google-analytics/GAILogger.h"; sourceTree = "<group>"; fileEncoding = 4; };
		EBC5A33C1CE1442BA3C772C2 /* GAITrackedViewController.h */ = {isa = PBXFileReference; lastKnownFileType = sourcecode.c.h; name = "GAITrackedViewController.h"; path = "cordova-plugin-google-analytics/GAITrackedViewController.h"; sourceTree = "<group>"; fileEncoding = 4; };
		87AC3CF2F4454763B6110BE9 /* GAI.h */ = {isa = PBXFileReference; lastKnownFileType = sourcecode.c.h; name = "GAI.h"; path = "cordova-plugin-google-analytics/GAI.h"; sourceTree = "<group>"; fileEncoding = 4; };
		3F4FD606877F45798476B7E7 /* GAITracker.h */ = {isa = PBXFileReference; lastKnownFileType = sourcecode.c.h; name = "GAITracker.h"; path = "cordova-plugin-google-analytics/GAITracker.h"; sourceTree = "<group>"; fileEncoding = 4; };
		E7C40A96E48F4479ADC7E2BD /* GAIEcommerceFields.h */ = {isa = PBXFileReference; lastKnownFileType = sourcecode.c.h; name = "GAIEcommerceFields.h"; path = "cordova-plugin-google-analytics/GAIEcommerceFields.h"; sourceTree = "<group>"; fileEncoding = 4; };
		A9AC57F989CA453DB55A44FE /* GAIEcommerceProduct.h */ = {isa = PBXFileReference; lastKnownFileType = sourcecode.c.h; name = "GAIEcommerceProduct.h"; path = "cordova-plugin-google-analytics/GAIEcommerceProduct.h"; sourceTree = "<group>"; fileEncoding = 4; };
		47E670369D044A388A1E51EB /* GAIEcommerceProductAction.h */ = {isa = PBXFileReference; lastKnownFileType = sourcecode.c.h; name = "GAIEcommerceProductAction.h"; path = "cordova-plugin-google-analytics/GAIEcommerceProductAction.h"; sourceTree = "<group>"; fileEncoding = 4; };
		CF3D55325B1B4702B0D25A6D /* GAIEcommercePromotion.h */ = {isa = PBXFileReference; lastKnownFileType = sourcecode.c.h; name = "GAIEcommercePromotion.h"; path = "cordova-plugin-google-analytics/GAIEcommercePromotion.h"; sourceTree = "<group>"; fileEncoding = 4; };
/* End PBXFileReference section */

/* Begin PBXFrameworksBuildPhase section */
		1D60588F0D05DD3D006BFB54 /* Frameworks */ = {
			isa = PBXFrameworksBuildPhase;
			buildActionMask = 2147483647;
			files = (
				4FF527F9ACDE4288A80FA855 /* Social.framework in Frameworks */,
				0FE260871BB7CC1A0020EA0D /* Accounts.framework in Frameworks */,
				0FE2608B1BB7CD2D0020EA0D /* FBSDKLoginKit.framework in Frameworks */,
				0FE260891BB7CD1A0020EA0D /* FBSDKCoreKit.framework in Frameworks */,
				0FE260851BB7CC140020EA0D /* libstdc++.6.tbd in Frameworks */,
				0FE260831BB7CC0C0020EA0D /* libsqlite3.tbd in Frameworks */,
				0FE260811BB7CC060020EA0D /* libz.tbd in Frameworks */,
				0FE2607F1BB7CBF80020EA0D /* StoreKit.framework in Frameworks */,
				0FE2607D1BB7CBEC0020EA0D /* Security.framework in Frameworks */,
				0FE2607B1BB7CBE50020EA0D /* QuartzCore.framework in Frameworks */,
				5FB8E20B8CE24D128CE790F2 /* CoreLocation.framework in Frameworks */,
				288765FD0DF74451002DB57D /* CoreGraphics.framework in Frameworks */,
				0FE260791BB7CBD10020EA0D /* CFNetwork.framework in Frameworks */,
				0FE260771BB7CBC40020EA0D /* UIKit.framework in Frameworks */,
				06B758EAF2FA4B01821141ED /* AudioToolbox.framework in Frameworks */,
				5B1594DD16A7569C00FEF299 /* AssetsLibrary.framework in Frameworks */,
				301BF552109A68D80062928A /* libCordova.a in Frameworks */,
				305D5FD1115AB8F900A74A75 /* MobileCoreServices.framework in Frameworks */,
				0FE260741BB7CB840020EA0D /* ParseTwitterUtils.framework in Frameworks */,
				0FE260711BB7CB840020EA0D /* Parse.framework in Frameworks */,
				0FE260751BB7CB840020EA0D /* ParseUI.framework in Frameworks */,
				3A5EFA37D630498197223FC8 /* libsqlite3.0.dylib in Frameworks */,
				826168182E774CC08DEB184F /* MessageUI.framework in Frameworks */,
				0FE260731BB7CB840020EA0D /* ParseFacebookUtilsV4.framework in Frameworks */,
				0FE260701BB7CB840020EA0D /* Bolts.framework in Frameworks */,
				0FE260721BB7CB840020EA0D /* ParseCrashReporting.framework in Frameworks */,
				C428726C9B4C4D9A9217E481 /* SystemConfiguration.framework in Frameworks */,
				D680674718ED42DB850823B6 /* CoreData.framework in Frameworks */,
				971AB795AD8A476791EB8049 /* libz.dylib in Frameworks */,
				75BC6181B5FA49C899660DD2 /* libsqlite3.dylib in Frameworks */,
				B97C9720363A4F9A8FB5F84B /* libGoogleAnalyticsServices.a in Frameworks */,
			);
			runOnlyForDeploymentPostprocessing = 0;
		};
/* End PBXFrameworksBuildPhase section */

/* Begin PBXGroup section */
		080E96DDFE201D6D7F000001 /* Classes */ = {
			isa = PBXGroup;
			children = (
				302D95EE14D2391D003F00A1 /* MainViewController.h */,
				302D95EF14D2391D003F00A1 /* MainViewController.m */,
				302D95F014D2391D003F00A1 /* MainViewController.xib */,
				1D3623240D0F684500981E51 /* AppDelegate.h */,
				1D3623250D0F684500981E51 /* AppDelegate.m */,
			);
			name = Classes;
			path = FoodMe/Classes;
			sourceTree = SOURCE_ROOT;
		};
		19C28FACFE9D520D11CA2CBB /* Products */ = {
			isa = PBXGroup;
			children = (
				1D6058910D05DD3D006BFB54 /* FoodMe.app */,
			);
			name = Products;
			sourceTree = "<group>";
		};
		29B97314FDCFA39411CA2CEA /* CustomTemplate */ = {
			isa = PBXGroup;
			children = (
				EB87FDF41871DAF40020F90C /* config.xml */,
				EB87FDF31871DA8E0020F90C /* www */,
				EB87FDF21871DA7A0020F90C /* merges */,
				EB87FDF11871DA420020F90C /* Staging */,
				301BF52D109A57CC0062928A /* CordovaLib.xcodeproj */,
				080E96DDFE201D6D7F000001 /* Classes */,
				307C750510C5A3420062BCA9 /* Plugins */,
				29B97315FDCFA39411CA2CEA /* Other Sources */,
				29B97317FDCFA39411CA2CEA /* Resources */,
				29B97323FDCFA39411CA2CEA /* Frameworks */,
				19C28FACFE9D520D11CA2CBB /* Products */,
			);
			name = CustomTemplate;
			sourceTree = "<group>";
		};
		29B97315FDCFA39411CA2CEA /* Other Sources */ = {
			isa = PBXGroup;
			children = (
				32CA4F630368D1EE00C91783 /* FoodMe-Prefix.pch */,
				29B97316FDCFA39411CA2CEA /* main.m */,
			);
			name = "Other Sources";
			path = FoodMe;
			sourceTree = "<group>";
		};
		29B97317FDCFA39411CA2CEA /* Resources */ = {
			isa = PBXGroup;
			children = (
				0FA9125A1B981DA500061EC9 /* Images.xcassets */,
				308D052D1370CCF300D202BF /* icons */,
				308D05311370CCF300D202BF /* splash */,
				8D1107310486CEB800E47090 /* FoodMe-Info.plist */,
				6591B9BACDDF47AF9C6B9AEC /* CDVNotification.bundle */,
			);
			name = Resources;
			path = FoodMe/Resources;
			sourceTree = "<group>";
		};
		29B97323FDCFA39411CA2CEA /* Frameworks */ = {
			isa = PBXGroup;
			children = (
				0FE2608A1BB7CD2D0020EA0D /* FBSDKLoginKit.framework */,
				0FE260881BB7CD1A0020EA0D /* FBSDKCoreKit.framework */,
				0FE260861BB7CC1A0020EA0D /* Accounts.framework */,
				0FE260841BB7CC140020EA0D /* libstdc++.6.tbd */,
				0FE260821BB7CC0C0020EA0D /* libsqlite3.tbd */,
				0FE260801BB7CC060020EA0D /* libz.tbd */,
				0FE2607E1BB7CBF80020EA0D /* StoreKit.framework */,
				0FE2607C1BB7CBEC0020EA0D /* Security.framework */,
				0FE2607A1BB7CBE50020EA0D /* QuartzCore.framework */,
				0FE260781BB7CBD10020EA0D /* CFNetwork.framework */,
				0FE260761BB7CBC40020EA0D /* UIKit.framework */,
				0FE2606A1BB7CB840020EA0D /* Bolts.framework */,
				0FE2606B1BB7CB840020EA0D /* Parse.framework */,
				0FE2606C1BB7CB840020EA0D /* ParseCrashReporting.framework */,
				0FE2606D1BB7CB840020EA0D /* ParseFacebookUtilsV4.framework */,
				0FE2606E1BB7CB840020EA0D /* ParseTwitterUtils.framework */,
				0FE2606F1BB7CB840020EA0D /* ParseUI.framework */,
				5B1594DC16A7569C00FEF299 /* AssetsLibrary.framework */,
				288765FC0DF74451002DB57D /* CoreGraphics.framework */,
				305D5FD0115AB8F900A74A75 /* MobileCoreServices.framework */,
				14BB879F8EA04ED597D24408 /* AudioToolbox.framework */,
				9DA5937CBA5044CF8A113F41 /* libsqlite3.0.dylib */,
				5489BBE0C540424197C46CE2 /* CoreLocation.framework */,
				55C3E93129BF4C2583C74D6F /* Social.framework */,
				ECCF31528A424D14AC340466 /* MessageUI.framework */,
				A5CEFDC02D4C4210983BF07D /* SystemConfiguration.framework */,
				16BF4189605547E4BE83FA90 /* CoreData.framework */,
				BEB0157ADC344500803D9AC5 /* libz.dylib */,
				451B7F2EA0024D33ACE8AF4E /* libsqlite3.dylib */,
				49C2E62FFD304E7298580408 /* libGoogleAnalyticsServices.a */,
			);
			name = Frameworks;
			sourceTree = "<group>";
		};
		301BF52E109A57CC0062928A /* Products */ = {
			isa = PBXGroup;
			children = (
				301BF535109A57CC0062928A /* libCordova.a */,
			);
			name = Products;
			sourceTree = "<group>";
		};
		307C750510C5A3420062BCA9 /* Plugins */ = {
			isa = PBXGroup;
			children = (
				9EF2D550AA3146288D1CADFC /* CDVLogger.m */,
				CFA0A476F5084BA0993C93C2 /* CDVLogger.h */,
				5E1D4DA6234D47E591825923 /* CDVDevice.m */,
				F70567D90E644DDD9EC176A9 /* CDVDevice.h */,
				45CA6365B840406D8B20F52C /* CDVNotification.m */,
				2EE248B1BF87486795CED8D0 /* CDVNotification.h */,
				46137AC2DDBD4A82B47E04D0 /* CDVVibration.m */,
				3FEA5794EC31483BB0FAB68E /* CDVVibration.h */,
				008E1EBB65724FBBBCADC1CC /* CDVConnection.m */,
				CB095A9C93BC435E829BE488 /* CDVReachability.m */,
				9CC2DA0499AE475594E5EED8 /* CDVConnection.h */,
				4B65E8EB54A04CF5A86C28A9 /* CDVReachability.h */,
				DFD5B99D11A445CDB5DC2752 /* CDVLocation.m */,
				F2390EEE84E44C26AF222D7B /* CDVLocation.h */,
				B639D7E60A464AB8AAECECBB /* SocialSharing.m */,
				F6FD5BEEE822471FABA52E4C /* SocialSharing.h */,
				440824156B084A538ECA643E /* Screenshot.m */,
				814423074EB1431A91B10915 /* Screenshot.h */,
				743853A0EFD14A3B82B358A8 /* CDVStatusBar.m */,
				F1BB560BB5F840E58C060547 /* CDVStatusBar.h */,
				1C0607C5504F4D29A6055D8A /* CDVSplashScreen.m */,
				A0A72B04DECE412D8F899B78 /* CDVViewController+SplashScreen.m */,
				3AE264A085244D9FB09D5840 /* CDVSplashScreen.h */,
				3AA925B936014DE6B3D1F645 /* CDVViewController+SplashScreen.h */,
				0803281058644C75AC772289 /* CDVInAppBrowser.m */,
				F08D34D898084C17A50E0CCF /* CDVInAppBrowser.h */,
				4B0187AD60074652A82403FE /* IonicConstant.m */,
				3DE49D7CE98246DDB427F820 /* IonicDeploy.m */,
				DA3501325E87432FAEAF0049 /* Download.m */,
				7E98EDE990D1480682AA3FE1 /* DownloadManager.m */,
				281431BE341A47D2AEB1CD06 /* SSZipArchive.m */,
				F109FE12F7FE43F5989CBF10 /* ioapi.c */,
				BDE8CAFDA9CC478EBDF7F9C7 /* unzip.c */,
				F273F5DC9A28452087A2D2FA /* zip.c */,
				A28555369441408AAD766808 /* adler32.c */,
				0AA488778001484F8F17D64B /* compress.c */,
				2E0886BD8F8046A29BB57184 /* crc32.c */,
				8412029EDAC247CD861C2331 /* deflate.c */,
				18ADAD6B3FAA479E9BA23417 /* gzclose.c */,
				67265BAA59234135A4251E69 /* gzlib.c */,
				B8DD6AC07F1C44D589738BBD /* gzread.c */,
				6E29BC8F9E8A4AC9BACE4832 /* gzwrite.c */,
				D3CCF9909B644A618CE86858 /* infback.c */,
				2D4E58AE79E94458B9E31D55 /* inffast.c */,
				2857CAFEA1E9497BA5FE169E /* inflate.c */,
				DD3658855FD94E689AB82956 /* inftrees.c */,
				986E069341AA492F8C138856 /* trees.c */,
				D455E5328AEB40DD97E1DE11 /* uncompr.c */,
				8F9D33C45BF249E19B069AA4 /* zutil.c */,
				2C79359168484C269988F768 /* Base64.m */,
				ADFE4EEB26BD4A95A77C77EE /* UNIHTTPClientHelper.m */,
				3B936E0ED6C64816B3CDFCAF /* UNIHTTPRequest.m */,
				7AA976DED7B7437EA9500C1D /* UNIHTTPRequestWithBody.m */,
				AA733A21F5E54C92BB462F2B /* UNIRest.m */,
				675E40E2F3C1414DB0E73067 /* UNIUrlConnection.m */,
				106A1B06AEB04A7E94AC04EF /* UNIBaseRequest.m */,
				9AE9D1BD158F4F72BE7AD4B2 /* UNIBodyRequest.m */,
				37051E342853415A869757A1 /* UNISimpleRequest.m */,
				262C61E0DA8A421B87424216 /* UNIHTTPBinaryResponse.m */,
				728A000CD50747C9B265F793 /* UNIHTTPJsonResponse.m */,
				51A5FDF2FB9746999C904CB1 /* UNIHTTPResponse.m */,
				8F7CB5189F0F494CABBC23A7 /* UNIHTTPStringResponse.m */,
				15B3F090404849ACB6ECC6B1 /* UNIJsonNode.m */,
				7B0F6B99419D41289CC6F2C3 /* IonicConstant.h */,
				452730A5F7D14F88AA12D7D4 /* IonicDeploy.h */,
				5A26E7317453425396A5330C /* Download.h */,
				40FA29A9DB3C47B6B7B09EE9 /* DownloadManager.h */,
				9837D6D99EA9492CBD0EEBD1 /* SSZipArchive.h */,
				D33BD8B8D2A64D8DB6D56E67 /* ARCHelper.h */,
				3485D8D33712456BB9067FB7 /* crypt.h */,
				3195C74F8CBD4F429EE11886 /* ioapi.h */,
				3711A0CA931E462DA195ECFC /* unzip.h */,
				90F495464CC7421B95F0C410 /* zip.h */,
				029C7A9913FD4ED4A49A5A27 /* crc32.h */,
				7B1C44AE7C4E464284160E38 /* deflate.h */,
				EFE2DDAE91DA4F8298899898 /* gzguts.h */,
				E159DE1F3A08429CAB4B27B2 /* inffast.h */,
				A6C48C10D7D3436F8DCF9B82 /* inffixed.h */,
				BEEA78891390404791493BFE /* inflate.h */,
				802D393D3051488CB1C82C78 /* inftrees.h */,
				E7711EE270E348DF85D36B6D /* trees.h */,
				D55174A94D85451CB2BA927F /* zconf.h */,
				6DAD0D63E41F4D42BA1D2444 /* zlib.h */,
				AF66D24B99CD42FF96FD1CB6 /* zutil.h */,
				180EAFF313164FA29084C1C7 /* Base64.h */,
				A6A6B06BF702415187837EE5 /* UNIHTTPClientHelper.h */,
				E49FC80313E548A7A6499E89 /* UNIHTTPRequest.h */,
				8CCFFB48FC7E4FC1A2604B5A /* UNIHTTPRequestWithBody.h */,
				AF3F490C07954369B1A4F37A /* Unirest-Prefix.pch */,
				ADD8AB15DC594E5F99F99535 /* UNIRest.h */,
				DFADA2EA931F4ACCB3E14A36 /* UNIUrlConnection.h */,
				A935F3896593431C90B0881D /* UNIBaseRequest.h */,
				A7406477FF0C41189BE37CD9 /* UNIBodyRequest.h */,
				164B769BDD424B21B2164D54 /* UNISimpleRequest.h */,
				178092C8D5264B5BBF8140C8 /* UNIHTTPBinaryResponse.h */,
				AFAB64CF99A14259BB8545B1 /* UNIHTTPJsonResponse.h */,
				78A1ED34F80C4EBC98012726 /* UNIHTTPResponse.h */,
				38054EE6FC10480F8A5B8129 /* UNIHTTPStringResponse.h */,
				1609C41B44814D6C9DCA5294 /* UNIJsonNode.h */,
				E58E7F32023B496394BA8BE1 /* UniversalAnalyticsPlugin.m */,
				A39F9DDF6FCB4FE494DB4E65 /* UniversalAnalyticsPlugin.h */,
				B3504FB36BD742FF9D1CA6C4 /* GAIDictionaryBuilder.h */,
				FA8663B3B45347A49C72EB75 /* GAIFields.h */,
				F8C125B1BD044E029786243B /* GAILogger.h */,
				EBC5A33C1CE1442BA3C772C2 /* GAITrackedViewController.h */,
				87AC3CF2F4454763B6110BE9 /* GAI.h */,
				3F4FD606877F45798476B7E7 /* GAITracker.h */,
				E7C40A96E48F4479ADC7E2BD /* GAIEcommerceFields.h */,
				A9AC57F989CA453DB55A44FE /* GAIEcommerceProduct.h */,
				47E670369D044A388A1E51EB /* GAIEcommerceProductAction.h */,
				CF3D55325B1B4702B0D25A6D /* GAIEcommercePromotion.h */,
			);
			name = Plugins;
			path = FoodMe/Plugins;
			sourceTree = SOURCE_ROOT;
		};
		308D052D1370CCF300D202BF /* icons */ = {
			isa = PBXGroup;
			children = (
				0FA912781B981F9E00061EC9 /* icon_40.png */,
				0FA912791B981F9E00061EC9 /* icon_50.png */,
				0FA9127A1B981F9F00061EC9 /* icon_60.png */,
				0FA9127B1B981F9F00061EC9 /* icon_100.png */,
				0FA9125C1B981ECD00061EC9 /* icon_72.png */,
				0FA9125F1B981ECD00061EC9 /* icon_152.png */,
				0FA9125D1B981ECD00061EC9 /* icon_76.png */,
				0FA9125E1B981ECD00061EC9 /* icon_120.png */,
				0FA912601B981ECD00061EC9 /* icon_1024.png */,
				0FA912611B981ECD00061EC9 /* icon_36.png */,
				0FA912621B981ECD00061EC9 /* icon_48.png */,
				0FA912631B981ECD00061EC9 /* icon_57.png */,
				0FA912641B981ECD00061EC9 /* icon_64.png */,
				0FA912651B981ECD00061EC9 /* icon_80.png */,
				0FA912661B981ECD00061EC9 /* icon_96.png */,
				0FA912671B981ECD00061EC9 /* icon_114.png */,
				0FA912681B981ECD00061EC9 /* icon_144.png */,
				0FA912691B981ECD00061EC9 /* icon_173.png */,
				0FA9122D1B93DF7C00061EC9 /* icon-60@2x.png */,
				30C1856519D5FC0A00212699 /* icon-60@3x.png */,
				7E7966D41810823500FA85AD /* icon-40.png */,
				7E7966D51810823500FA85AD /* icon-40@2x.png */,
				7E7966D61810823500FA85AD /* icon-50.png */,
				7E7966D71810823500FA85AD /* icon-50@2x.png */,
				7E7966D81810823500FA85AD /* icon-60.png */,
				7E7966DA1810823500FA85AD /* icon-76.png */,
				7E7966DB1810823500FA85AD /* icon-76@2x.png */,
				7E7966DC1810823500FA85AD /* icon-small.png */,
				7E7966DD1810823500FA85AD /* icon-small@2x.png */,
				30FC414816E50CA1004E6F35 /* icon-72@2x.png */,
				308D052E1370CCF300D202BF /* icon-72.png */,
				308D052F1370CCF300D202BF /* icon.png */,
				308D05301370CCF300D202BF /* icon@2x.png */,
			);
			path = icons;
			sourceTree = "<group>";
		};
		308D05311370CCF300D202BF /* splash */ = {
			isa = PBXGroup;
			children = (
				0FA912861B98261200061EC9 /* Default@2x~iphone4.png */,
				30B4F2FD19D5E07200D9F7D8 /* Default-667h.png */,
				30B4F2FE19D5E07200D9F7D8 /* Default-736h.png */,
				30B4F2FF19D5E07200D9F7D8 /* Default-Landscape-736h.png */,
				D4A0D8751607E02300AEF8BB /* Default-568h@2x~iphone.png */,
				3088BBB7154F3926009F9C59 /* Default-Landscape@2x~ipad.png */,
				3088BBB8154F3926009F9C59 /* Default-Landscape~ipad.png */,
				3088BBB9154F3926009F9C59 /* Default-Portrait@2x~ipad.png */,
				3088BBBA154F3926009F9C59 /* Default-Portrait~ipad.png */,
				3088BBBB154F3926009F9C59 /* Default@2x~iphone.png */,
				3088BBBC154F3926009F9C59 /* Default~iphone.png */,
			);
			path = splash;
			sourceTree = "<group>";
		};
		EB87FDF11871DA420020F90C /* Staging */ = {
			isa = PBXGroup;
			children = (
				F840E1F0165FE0F500CFE078 /* config.xml */,
				301BF56E109A69640062928A /* www */,
			);
			name = Staging;
			sourceTree = "<group>";
		};
/* End PBXGroup section */

/* Begin PBXNativeTarget section */
		1D6058900D05DD3D006BFB54 /* FoodMe */ = {
			isa = PBXNativeTarget;
			buildConfigurationList = 1D6058960D05DD3E006BFB54 /* Build configuration list for PBXNativeTarget "FoodMe" */;
			buildPhases = (
				304B58A110DAC018002A0835 /* Copy www directory */,
				1D60588D0D05DD3D006BFB54 /* Resources */,
				1D60588E0D05DD3D006BFB54 /* Sources */,
				1D60588F0D05DD3D006BFB54 /* Frameworks */,
			);
			buildRules = (
			);
			dependencies = (
				301BF551109A68C00062928A /* PBXTargetDependency */,
			);
			name = FoodMe;
			productName = FoodMe;
			productReference = 1D6058910D05DD3D006BFB54 /* FoodMe.app */;
			productType = "com.apple.product-type.application";
		};
/* End PBXNativeTarget section */

/* Begin PBXProject section */
		29B97313FDCFA39411CA2CEA /* Project object */ = {
			isa = PBXProject;
			attributes = {
				LastUpgradeCheck = 710;
				TargetAttributes = {
					1D6058900D05DD3D006BFB54 = {
						DevelopmentTeam = 5T8K4MDSW4;
					};
				};
			};
			buildConfigurationList = C01FCF4E08A954540054247B /* Build configuration list for PBXProject "FoodMe" */;
			compatibilityVersion = "Xcode 3.2";
			developmentRegion = English;
			hasScannedForEncodings = 1;
			knownRegions = (
				English,
				Japanese,
				French,
				German,
				en,
				es,
				de,
				se,
			);
			mainGroup = 29B97314FDCFA39411CA2CEA /* CustomTemplate */;
			projectDirPath = "";
			projectReferences = (
				{
					ProductGroup = 301BF52E109A57CC0062928A /* Products */;
					ProjectRef = 301BF52D109A57CC0062928A /* CordovaLib.xcodeproj */;
				},
			);
			projectRoot = "";
			targets = (
				1D6058900D05DD3D006BFB54 /* FoodMe */,
			);
		};
/* End PBXProject section */

/* Begin PBXReferenceProxy section */
		301BF535109A57CC0062928A /* libCordova.a */ = {
			isa = PBXReferenceProxy;
			fileType = archive.ar;
			path = libCordova.a;
			remoteRef = 301BF534109A57CC0062928A /* PBXContainerItemProxy */;
			sourceTree = BUILT_PRODUCTS_DIR;
		};
/* End PBXReferenceProxy section */

/* Begin PBXResourcesBuildPhase section */
		1D60588D0D05DD3D006BFB54 /* Resources */ = {
			isa = PBXResourcesBuildPhase;
			buildActionMask = 2147483647;
			files = (
				7E7966E41810823500FA85AD /* icon-76.png in Resources */,
				0FA912761B981ECD00061EC9 /* icon_144.png in Resources */,
				0FA9126C1B981ECD00061EC9 /* icon_120.png in Resources */,
				0FA912871B98261200061EC9 /* Default@2x~iphone4.png in Resources */,
				0FA912731B981ECD00061EC9 /* icon_80.png in Resources */,
				7E7966DF1810823500FA85AD /* icon-40@2x.png in Resources */,
				308D05371370CCF300D202BF /* icon-72.png in Resources */,
				0FA9127F1B981F9F00061EC9 /* icon_100.png in Resources */,
				0FA9126E1B981ECD00061EC9 /* icon_1024.png in Resources */,
				30B4F30119D5E07200D9F7D8 /* Default-736h.png in Resources */,
				308D05381370CCF300D202BF /* icon.png in Resources */,
				308D05391370CCF300D202BF /* icon@2x.png in Resources */,
				0FA9126A1B981ECD00061EC9 /* icon_72.png in Resources */,
				302D95F214D2391D003F00A1 /* MainViewController.xib in Resources */,
				7E7966E01810823500FA85AD /* icon-50.png in Resources */,
				7E7966E61810823500FA85AD /* icon-small.png in Resources */,
				0FA9125B1B981DA500061EC9 /* Images.xcassets in Resources */,
				3088BBBD154F3926009F9C59 /* Default-Landscape@2x~ipad.png in Resources */,
				3088BBBE154F3926009F9C59 /* Default-Landscape~ipad.png in Resources */,
				3088BBBF154F3926009F9C59 /* Default-Portrait@2x~ipad.png in Resources */,
				7E7966E71810823500FA85AD /* icon-small@2x.png in Resources */,
				0FA9127C1B981F9F00061EC9 /* icon_40.png in Resources */,
				3088BBC0154F3926009F9C59 /* Default-Portrait~ipad.png in Resources */,
				30B4F30019D5E07200D9F7D8 /* Default-667h.png in Resources */,
				0FA912701B981ECD00061EC9 /* icon_48.png in Resources */,
				0FA912751B981ECD00061EC9 /* icon_114.png in Resources */,
				7E7966DE1810823500FA85AD /* icon-40.png in Resources */,
				3088BBC1154F3926009F9C59 /* Default@2x~iphone.png in Resources */,
				0FA912711B981ECD00061EC9 /* icon_57.png in Resources */,
				7E7966E21810823500FA85AD /* icon-60.png in Resources */,
				0FA9127E1B981F9F00061EC9 /* icon_60.png in Resources */,
				3088BBC2154F3926009F9C59 /* Default~iphone.png in Resources */,
				0FA912771B981ECD00061EC9 /* icon_173.png in Resources */,
				0FA9126F1B981ECD00061EC9 /* icon_36.png in Resources */,
				D4A0D8761607E02300AEF8BB /* Default-568h@2x~iphone.png in Resources */,
				30B4F30219D5E07200D9F7D8 /* Default-Landscape-736h.png in Resources */,
				30C1856619D5FC0A00212699 /* icon-60@3x.png in Resources */,
				7E7966E11810823500FA85AD /* icon-50@2x.png in Resources */,
				0FA9127D1B981F9F00061EC9 /* icon_50.png in Resources */,
				0FA912741B981ECD00061EC9 /* icon_96.png in Resources */,
				0FA9126B1B981ECD00061EC9 /* icon_76.png in Resources */,
				7E7966E51810823500FA85AD /* icon-76@2x.png in Resources */,
				0FA9122E1B93DF7C00061EC9 /* icon-60@2x.png in Resources */,
				30FC414916E50CA1004E6F35 /* icon-72@2x.png in Resources */,
				0FA912721B981ECD00061EC9 /* icon_64.png in Resources */,
				0AE32864EC9C48258599333A /* CDVNotification.bundle in Resources */,
				0FA9126D1B981ECD00061EC9 /* icon_152.png in Resources */,
			);
			runOnlyForDeploymentPostprocessing = 0;
		};
/* End PBXResourcesBuildPhase section */

/* Begin PBXShellScriptBuildPhase section */
		304B58A110DAC018002A0835 /* Copy www directory */ = {
			isa = PBXShellScriptBuildPhase;
			buildActionMask = 2147483647;
			files = (
			);
			inputPaths = (
			);
			name = "Copy www directory";
			outputPaths = (
			);
			runOnlyForDeploymentPostprocessing = 0;
			shellPath = /bin/sh;
			shellScript = "NODEJS_PATH=/usr/local/bin; NVM_NODE_PATH=~/.nvm/versions/node/`nvm version 2>/dev/null`/bin; N_NODE_PATH=`find /usr/local/n/versions/node/* -maxdepth 0 -type d 2>/dev/null | tail -1`/bin; XCODE_NODE_PATH=`xcode-select --print-path`/usr/share/xcs/Node/bin; PATH=$NODEJS_PATH:$NVM_NODE_PATH:$N_NODE_PATH:$XCODE_NODE_PATH:$PATH && node cordova/lib/copy-www-build-step.js";
			showEnvVarsInLog = 0;
		};
/* End PBXShellScriptBuildPhase section */

/* Begin PBXSourcesBuildPhase section */
		1D60588E0D05DD3D006BFB54 /* Sources */ = {
			isa = PBXSourcesBuildPhase;
			buildActionMask = 2147483647;
			files = (
				1D60589B0D05DD56006BFB54 /* main.m in Sources */,
				1D3623260D0F684500981E51 /* AppDelegate.m in Sources */,
				302D95F114D2391D003F00A1 /* MainViewController.m in Sources */,
				79BC1EC0226B40CFBFAA5F9D /* CDVLogger.m in Sources */,
				66155CEE93F148DA8AC8A47A /* CDVDevice.m in Sources */,
				C04733CC527743BCA80B52AF /* CDVNotification.m in Sources */,
				2E4623EF06D74B689BA6B429 /* CDVVibration.m in Sources */,
				0A3CC021A9A74C8DB0D5839F /* CDVConnection.m in Sources */,
				CC38579A1D064CBB91586F24 /* CDVReachability.m in Sources */,
				C4A719BE386E462FBC53E111 /* CDVLocation.m in Sources */,
				CBDCDFC76AF14CF19FB40B9F /* SocialSharing.m in Sources */,
				7862D815B4B245898CB1C595 /* Screenshot.m in Sources */,
				DDD1A316F7FB4738A8962887 /* CDVStatusBar.m in Sources */,
				757E088D437D43BBA795F08B /* CDVSplashScreen.m in Sources */,
				8E873965932D4FF0BB2C6BA7 /* CDVViewController+SplashScreen.m in Sources */,
				651B91D846B24530BE812A8C /* CDVInAppBrowser.m in Sources */,
				7F5BB76F90B34EE28DFC48BD /* IonicConstant.m in Sources */,
				392C68CBCFEF49CB8FC4F4FE /* IonicDeploy.m in Sources */,
				4D3D2DF1BE1449E8B26DB118 /* Download.m in Sources */,
				570C248550AF42148B0E4BCF /* DownloadManager.m in Sources */,
				079693BC233547969EA67358 /* SSZipArchive.m in Sources */,
				1E155D74CD844182B77CA2C3 /* ioapi.c in Sources */,
				1A10A3947DA5490FAB6CB7D4 /* unzip.c in Sources */,
				6267C859394A4A21804FA9F5 /* zip.c in Sources */,
				71150457A5D54E34A05C30A9 /* adler32.c in Sources */,
				C83E3B37C095484D8AFCB488 /* compress.c in Sources */,
				2DF549D0176449748E31CF4C /* crc32.c in Sources */,
				FBE39733E84F42388DF33BB0 /* deflate.c in Sources */,
				5EEF62CBD645436E8756115F /* gzclose.c in Sources */,
				041526EAF9584B89985CDE81 /* gzlib.c in Sources */,
				FFF652DDD8B948138A6B310F /* gzread.c in Sources */,
				63D26CC955DA4A018435C005 /* gzwrite.c in Sources */,
				107839BF921048D0B79F2F45 /* infback.c in Sources */,
				0B0239C0E90C4E70A7E93EB1 /* inffast.c in Sources */,
				56D904C8B51E496F9BB33A85 /* inflate.c in Sources */,
				5318C14147F44E5C8A909FC4 /* inftrees.c in Sources */,
				6C5267F42DFA4FBC9A19741A /* trees.c in Sources */,
				F1C850901507499F8BD9E6CF /* uncompr.c in Sources */,
				6F2DD7B4649646C6B1ED5660 /* zutil.c in Sources */,
				E92ECA5D6CF3459A8AD7BB18 /* Base64.m in Sources */,
				B1E4D0D79ED9417C8DC77C72 /* UNIHTTPClientHelper.m in Sources */,
				AFBB0B672FF74974BD9AAC98 /* UNIHTTPRequest.m in Sources */,
				EE555CA3BE7A4A6E995B063E /* UNIHTTPRequestWithBody.m in Sources */,
				4BCC706184A34984998AC532 /* UNIRest.m in Sources */,
				5DADB7058B7D47A6803D3799 /* UNIUrlConnection.m in Sources */,
				5C9BEE75764843C2BAD897A8 /* UNIBaseRequest.m in Sources */,
				FFEB75F795974A0A8D514EAB /* UNIBodyRequest.m in Sources */,
				B0FC81F3743844438D181F35 /* UNISimpleRequest.m in Sources */,
				56484C080F634A0C87950D96 /* UNIHTTPBinaryResponse.m in Sources */,
				2F5E806F10694C149510EA4D /* UNIHTTPJsonResponse.m in Sources */,
				094EB965AACD4523BAE5A564 /* UNIHTTPResponse.m in Sources */,
				BD8403E6CF4340E9A7496C34 /* UNIHTTPStringResponse.m in Sources */,
				460F0EDB01AD4B998DC6E950 /* UNIJsonNode.m in Sources */,
				C27A5936C851410C94298729 /* UniversalAnalyticsPlugin.m in Sources */,
			);
			runOnlyForDeploymentPostprocessing = 0;
		};
/* End PBXSourcesBuildPhase section */

/* Begin PBXTargetDependency section */
		301BF551109A68C00062928A /* PBXTargetDependency */ = {
			isa = PBXTargetDependency;
			name = CordovaLib;
			targetProxy = 301BF550109A68C00062928A /* PBXContainerItemProxy */;
		};
/* End PBXTargetDependency section */

/* Begin XCBuildConfiguration section */
		1D6058940D05DD3E006BFB54 /* Debug */ = {
			isa = XCBuildConfiguration;
			buildSettings = {
				ALWAYS_SEARCH_USER_PATHS = NO;
				ASSETCATALOG_COMPILER_APPICON_NAME = AppIcon;
				ASSETCATALOG_COMPILER_LAUNCHIMAGE_NAME = LaunchImage;
				CLANG_ENABLE_OBJC_ARC = YES;
				CODE_SIGN_IDENTITY = "iPhone Developer: Nader Al-Naji (4YZ9337BRM)";
				"CODE_SIGN_IDENTITY[sdk=iphoneos*]" = "iPhone Developer: Nader Al-Naji (4YZ9337BRM)";
				COPY_PHASE_STRIP = NO;
				ENABLE_BITCODE = NO;
				FRAMEWORK_SEARCH_PATHS = (
					"$(inherited)",
					"$(PROJECT_DIR)",
				);
				GCC_DYNAMIC_NO_PIC = NO;
				GCC_OPTIMIZATION_LEVEL = 0;
				GCC_PRECOMPILE_PREFIX_HEADER = YES;
				GCC_PREFIX_HEADER = "FoodMe/FoodMe-Prefix.pch";
				GCC_THUMB_SUPPORT = NO;
				GCC_VERSION = "";
				INFOPLIST_FILE = "FoodMe/FoodMe-Info.plist";
				IPHONEOS_DEPLOYMENT_TARGET = 9.1;
				LIBRARY_SEARCH_PATHS = (
					"$(inherited)",
					"\"$(SRCROOT)/FoodMe/Plugins/cordova-plugin-google-analytics\"",
				);
				OTHER_LDFLAGS = (
					"-weak_framework",
					CoreFoundation,
					"-weak_framework",
					UIKit,
					"-weak_framework",
					AVFoundation,
					"-weak_framework",
					CoreMedia,
					"-weak-lSystem",
					"-ObjC",
				);
				PRODUCT_BUNDLE_IDENTIFIER = io.foodme;
				PRODUCT_NAME = FoodMe;
				PROVISIONING_PROFILE = "0a6a1c2b-c144-4e70-97cb-461f89b87004";
				TARGETED_DEVICE_FAMILY = "1,2";
			};
			name = Debug;
		};
		1D6058950D05DD3E006BFB54 /* Release */ = {
			isa = XCBuildConfiguration;
			buildSettings = {
				ALWAYS_SEARCH_USER_PATHS = NO;
				ASSETCATALOG_COMPILER_APPICON_NAME = AppIcon;
				ASSETCATALOG_COMPILER_LAUNCHIMAGE_NAME = LaunchImage;
				CLANG_ENABLE_OBJC_ARC = YES;
				CODE_SIGN_IDENTITY = "iPhone Distribution: Nader Al-Naji (5T8K4MDSW4)";
				"CODE_SIGN_IDENTITY[sdk=iphoneos*]" = "iPhone Distribution: Nader Al-Naji (5T8K4MDSW4)";
				COPY_PHASE_STRIP = YES;
				ENABLE_BITCODE = NO;
				FRAMEWORK_SEARCH_PATHS = (
					"$(inherited)",
					"$(PROJECT_DIR)",
				);
				GCC_PRECOMPILE_PREFIX_HEADER = YES;
				GCC_PREFIX_HEADER = "FoodMe/FoodMe-Prefix.pch";
				GCC_THUMB_SUPPORT = NO;
				GCC_VERSION = "";
				HEADER_SEARCH_PATHS = (
					"\"$(TARGET_BUILD_DIR)/usr/local/lib/include\"",
					"\"$(OBJROOT)/UninstalledProducts/include\"",
					"\"$(BUILT_PRODUCTS_DIR)\"",
					"\"$(OBJROOT)/UninstalledProducts/$(PLATFORM_NAME)/include\"",
				);
				INFOPLIST_FILE = "FoodMe/FoodMe-Info.plist";
				IPHONEOS_DEPLOYMENT_TARGET = 9.1;
				LIBRARY_SEARCH_PATHS = (
					"$(inherited)",
					"\"$(SRCROOT)/FoodMe/Plugins/cordova-plugin-google-analytics\"",
				);
				OTHER_LDFLAGS = (
					"-weak_framework",
					CoreFoundation,
					"-weak_framework",
					UIKit,
					"-weak_framework",
					AVFoundation,
					"-weak_framework",
					CoreMedia,
					"-weak-lSystem",
					"-ObjC",
				);
				PRODUCT_BUNDLE_IDENTIFIER = io.foodme;
				PRODUCT_NAME = FoodMe;
				PROVISIONING_PROFILE = "8fbe6728-90f7-43ab-8bf4-b936cffacf6f";
				TARGETED_DEVICE_FAMILY = "1,2";
			};
			name = Release;
		};
		C01FCF4F08A954540054247B /* Debug */ = {
			isa = XCBuildConfiguration;
			buildSettings = {
				CLANG_ENABLE_OBJC_ARC = YES;
				CLANG_WARN_BOOL_CONVERSION = YES;
				CLANG_WARN_CONSTANT_CONVERSION = YES;
				CLANG_WARN_EMPTY_BODY = YES;
				CLANG_WARN_ENUM_CONVERSION = YES;
				CLANG_WARN_INT_CONVERSION = YES;
				CLANG_WARN__DUPLICATE_METHOD_MATCH = YES;
				CODE_SIGN_IDENTITY = "iPhone Developer: Nader Al-Naji (4YZ9337BRM)";
				"CODE_SIGN_IDENTITY[sdk=iphoneos*]" = "iPhone Developer: Nader Al-Naji (4YZ9337BRM)";
				ENABLE_TESTABILITY = YES;
				GCC_C_LANGUAGE_STANDARD = c99;
				GCC_THUMB_SUPPORT = NO;
				GCC_VERSION = "";
				GCC_WARN_ABOUT_RETURN_TYPE = YES;
				GCC_WARN_UNDECLARED_SELECTOR = YES;
				GCC_WARN_UNINITIALIZED_AUTOS = YES;
				GCC_WARN_UNUSED_FUNCTION = YES;
				GCC_WARN_UNUSED_VARIABLE = YES;
				HEADER_SEARCH_PATHS = (
					"\"$(TARGET_BUILD_DIR)/usr/local/lib/include\"",
					"\"$(OBJROOT)/UninstalledProducts/include\"",
					"\"$(BUILT_PRODUCTS_DIR)\"",
				);
				IPHONEOS_DEPLOYMENT_TARGET = 9.1;
				ONLY_ACTIVE_ARCH = YES;
				OTHER_LDFLAGS = (
					"-weak_framework",
					CoreFoundation,
					"-weak_framework",
					UIKit,
					"-weak_framework",
					AVFoundation,
					"-weak_framework",
					CoreMedia,
					"-weak-lSystem",
					"-ObjC",
				);
				PROVISIONING_PROFILE = "0a6a1c2b-c144-4e70-97cb-461f89b87004";
				SDKROOT = iphoneos;
				SKIP_INSTALL = NO;
				USER_HEADER_SEARCH_PATHS = "";
			};
			name = Debug;
		};
		C01FCF5008A954540054247B /* Release */ = {
			isa = XCBuildConfiguration;
			buildSettings = {
				CLANG_ENABLE_OBJC_ARC = YES;
				CLANG_WARN_BOOL_CONVERSION = YES;
				CLANG_WARN_CONSTANT_CONVERSION = YES;
				CLANG_WARN_EMPTY_BODY = YES;
				CLANG_WARN_ENUM_CONVERSION = YES;
				CLANG_WARN_INT_CONVERSION = YES;
				CLANG_WARN__DUPLICATE_METHOD_MATCH = YES;
				CODE_SIGN_IDENTITY = "iPhone Distribution: Nader Al-Naji (5T8K4MDSW4)";
				"CODE_SIGN_IDENTITY[sdk=iphoneos*]" = "iPhone Distribution: Nader Al-Naji (5T8K4MDSW4)";
				GCC_C_LANGUAGE_STANDARD = c99;
				GCC_THUMB_SUPPORT = NO;
				GCC_VERSION = "";
				GCC_WARN_ABOUT_RETURN_TYPE = YES;
				GCC_WARN_UNDECLARED_SELECTOR = YES;
				GCC_WARN_UNINITIALIZED_AUTOS = YES;
				GCC_WARN_UNUSED_FUNCTION = YES;
				GCC_WARN_UNUSED_VARIABLE = YES;
				HEADER_SEARCH_PATHS = (
					"\"$(TARGET_BUILD_DIR)/usr/local/lib/include\"",
					"\"$(OBJROOT)/UninstalledProducts/include\"",
					"\"$(BUILT_PRODUCTS_DIR)\"",
				);
				IPHONEOS_DEPLOYMENT_TARGET = 9.1;
				OTHER_LDFLAGS = (
					"-weak_framework",
					CoreFoundation,
					"-weak_framework",
					UIKit,
					"-weak_framework",
					AVFoundation,
					"-weak_framework",
					CoreMedia,
					"-weak-lSystem",
					"-ObjC",
				);
				PROVISIONING_PROFILE = "8fbe6728-90f7-43ab-8bf4-b936cffacf6f";
				SDKROOT = iphoneos;
				SKIP_INSTALL = NO;
				USER_HEADER_SEARCH_PATHS = "";
			};
			name = Release;
		};
/* End XCBuildConfiguration section */

/* Begin XCConfigurationList section */
		1D6058960D05DD3E006BFB54 /* Build configuration list for PBXNativeTarget "FoodMe" */ = {
			isa = XCConfigurationList;
			buildConfigurations = (
				1D6058940D05DD3E006BFB54 /* Debug */,
				1D6058950D05DD3E006BFB54 /* Release */,
			);
			defaultConfigurationIsVisible = 0;
			defaultConfigurationName = Release;
		};
		C01FCF4E08A954540054247B /* Build configuration list for PBXProject "FoodMe" */ = {
			isa = XCConfigurationList;
			buildConfigurations = (
				C01FCF4F08A954540054247B /* Debug */,
				C01FCF5008A954540054247B /* Release */,
			);
			defaultConfigurationIsVisible = 0;
			defaultConfigurationName = Release;
		};
/* End XCConfigurationList section */
	};
	rootObject = 29B97313FDCFA39411CA2CEA /* Project object */;
}
